{
  "version": 4,
  "terraform_version": "1.11.1",
  "serial": 1850,
  "lineage": "442553b5-b85f-cb6d-e31a-1c7c2d7a4d71",
  "outputs": {},
  "resources": [
    {
      "mode": "managed",
      "type": "nxos_bgp_address_family",
      "name": "BGP-AF-LFN101-SPN201-VRF",
      "provider": "provider[\"registry.terraform.io/ciscodevnet/nxos\"].LFN101",
      "instances": [
        {
          "schema_version": 0,
          "attributes": {
            "address_family": "ipv4-ucast",
            "advertise_l2vpn_evpn": "enabled",
            "advertise_only_active_routes": "disabled",
            "advertise_physical_ip_for_type5_routes": "disabled",
            "asn": "65001",
            "critical_nexthop_timeout": "crit",
            "default_information_originate": "disabled",
            "device": null,
            "id": "sys/bgp/inst/dom-[VRF-CUST01]/af-[ipv4-ucast]",
            "max_ecmp_paths": 1,
            "max_external_ecmp_paths": 1,
            "max_external_internal_ecmp_paths": 1,
            "max_local_ecmp_paths": 1,
            "max_mixed_ecmp_paths": 1,
            "next_hop_route_map_name": null,
            "non_critical_nexthop_timeout": "noncrit",
            "prefix_priority": "none",
            "retain_rt_all": "disabled",
            "table_map_route_map_name": null,
            "vni_ethernet_tag": "disabled",
            "vrf": "VRF-CUST01",
            "wait_igp_converged": "disabled"
          },
          "sensitive_attributes": [],
          "private": "eyJpbXBvcnRpbmciOiJNQT09In0="
        }
      ]
    },
    {
      "mode": "managed",
      "type": "nxos_bgp_address_family",
      "name": "BGP-AF-LFN102-SPN201-VRF",
      "provider": "provider[\"registry.terraform.io/ciscodevnet/nxos\"].LFN102",
      "instances": [
        {
          "schema_version": 0,
          "attributes": {
            "address_family": "ipv4-ucast",
            "advertise_l2vpn_evpn": "enabled",
            "advertise_only_active_routes": "disabled",
            "advertise_physical_ip_for_type5_routes": "disabled",
            "asn": "65001",
            "critical_nexthop_timeout": "crit",
            "default_information_originate": "disabled",
            "device": null,
            "id": "sys/bgp/inst/dom-[VRF-CUST01]/af-[ipv4-ucast]",
            "max_ecmp_paths": 1,
            "max_external_ecmp_paths": 1,
            "max_external_internal_ecmp_paths": 1,
            "max_local_ecmp_paths": 1,
            "max_mixed_ecmp_paths": 1,
            "next_hop_route_map_name": null,
            "non_critical_nexthop_timeout": "noncrit",
            "prefix_priority": "none",
            "retain_rt_all": "disabled",
            "table_map_route_map_name": null,
            "vni_ethernet_tag": "disabled",
            "vrf": "VRF-CUST01",
            "wait_igp_converged": "disabled"
          },
          "sensitive_attributes": [],
          "private": "eyJpbXBvcnRpbmciOiJNQT09In0="
        }
      ]
    },
    {
      "mode": "managed",
      "type": "nxos_bgp_peer",
      "name": "BGP-Peer-LFN101-SPN201",
      "provider": "provider[\"registry.terraform.io/ciscodevnet/nxos\"].LFN101",
      "instances": [
        {
          "schema_version": 0,
          "attributes": {
            "address": "192.168.100.201",
            "asn": "65000",
            "description": null,
            "device": null,
            "ebgp_multihop_ttl": null,
            "hold_time": 180,
            "id": "sys/bgp/inst/dom-[default]/peer-[192.168.100.201]",
            "keepalive": 60,
            "password": null,
            "password_type": null,
            "peer_control": null,
            "peer_template": null,
            "peer_type": "fabric-internal",
            "remote_asn": "65000",
            "source_interface": "lo100",
            "vrf": "default"
          },
          "sensitive_attributes": [],
          "private": "eyJpbXBvcnRpbmciOiJNQT09In0="
        }
      ]
    },
    {
      "mode": "managed",
      "type": "nxos_bgp_peer",
      "name": "BGP-Peer-LFN102-SPN201",
      "provider": "provider[\"registry.terraform.io/ciscodevnet/nxos\"].LFN102",
      "instances": [
        {
          "schema_version": 0,
          "attributes": {
            "address": "192.168.100.201",
            "asn": "65000",
            "description": null,
            "device": null,
            "ebgp_multihop_ttl": null,
            "hold_time": 180,
            "id": "sys/bgp/inst/dom-[default]/peer-[192.168.100.201]",
            "keepalive": 60,
            "password": null,
            "password_type": null,
            "peer_control": null,
            "peer_template": null,
            "peer_type": "fabric-internal",
            "remote_asn": "65000",
            "source_interface": "lo100",
            "vrf": "default"
          },
          "sensitive_attributes": [],
          "private": "eyJpbXBvcnRpbmciOiJNQT09In0="
        }
      ]
    },
    {
      "mode": "managed",
      "type": "nxos_bgp_peer",
      "name": "BGP-Peer-SPN201-LFN101",
      "provider": "provider[\"registry.terraform.io/ciscodevnet/nxos\"].SPN201",
      "instances": [
        {
          "schema_version": 0,
          "attributes": {
            "address": "192.168.100.101",
            "asn": "65000",
            "description": null,
            "device": null,
            "ebgp_multihop_ttl": null,
            "hold_time": 180,
            "id": "sys/bgp/inst/dom-[default]/peer-[192.168.100.101]",
            "keepalive": 60,
            "password": null,
            "password_type": null,
            "peer_control": null,
            "peer_template": null,
            "peer_type": "fabric-internal",
            "remote_asn": "65000",
            "source_interface": "lo100",
            "vrf": "default"
          },
          "sensitive_attributes": [],
          "private": "eyJpbXBvcnRpbmciOiJNQT09In0="
        }
      ]
    },
    {
      "mode": "managed",
      "type": "nxos_bgp_peer",
      "name": "BGP-Peer-SPN201-LFN102",
      "provider": "provider[\"registry.terraform.io/ciscodevnet/nxos\"].SPN201",
      "instances": [
        {
          "schema_version": 0,
          "attributes": {
            "address": "192.168.100.102",
            "asn": "65000",
            "description": null,
            "device": null,
            "ebgp_multihop_ttl": null,
            "hold_time": 180,
            "id": "sys/bgp/inst/dom-[default]/peer-[192.168.100.102]",
            "keepalive": 60,
            "password": null,
            "password_type": null,
            "peer_control": null,
            "peer_template": null,
            "peer_type": "fabric-internal",
            "remote_asn": "65000",
            "source_interface": "lo100",
            "vrf": "default"
          },
          "sensitive_attributes": [],
          "private": "eyJpbXBvcnRpbmciOiJNQT09In0="
        }
      ]
    },
    {
      "mode": "managed",
      "type": "nxos_bgp_peer_address_family",
      "name": "BGP-AF-LFN101-SPN201",
      "provider": "provider[\"registry.terraform.io/ciscodevnet/nxos\"].LFN101",
      "instances": [
        {
          "schema_version": 0,
          "attributes": {
            "address": "192.168.100.201",
            "address_family": "l2vpn-evpn",
            "asn": "65000",
            "control": null,
            "device": null,
            "id": "sys/bgp/inst/dom-[default]/peer-[192.168.100.201]/af-[l2vpn-evpn]",
            "send_community_extended": "enabled",
            "send_community_standard": "disabled",
            "vrf": "default"
          },
          "sensitive_attributes": [],
          "private": "eyJpbXBvcnRpbmciOiJNQT09In0="
        }
      ]
    },
    {
      "mode": "managed",
      "type": "nxos_bgp_peer_address_family",
      "name": "BGP-AF-LFN102-SPN201",
      "provider": "provider[\"registry.terraform.io/ciscodevnet/nxos\"].LFN102",
      "instances": [
        {
          "schema_version": 0,
          "attributes": {
            "address": "192.168.100.201",
            "address_family": "l2vpn-evpn",
            "asn": "65000",
            "control": null,
            "device": null,
            "id": "sys/bgp/inst/dom-[default]/peer-[192.168.100.201]/af-[l2vpn-evpn]",
            "send_community_extended": "enabled",
            "send_community_standard": "disabled",
            "vrf": "default"
          },
          "sensitive_attributes": [],
          "private": "eyJpbXBvcnRpbmciOiJNQT09In0="
        }
      ]
    },
    {
      "mode": "managed",
      "type": "nxos_bgp_peer_address_family",
      "name": "BGP-AF-SPN201-LFN101",
      "provider": "provider[\"registry.terraform.io/ciscodevnet/nxos\"].SPN201",
      "instances": [
        {
          "schema_version": 0,
          "attributes": {
            "address": "192.168.100.101",
            "address_family": "l2vpn-evpn",
            "asn": "65000",
            "control": "rr-client",
            "device": null,
            "id": "sys/bgp/inst/dom-[default]/peer-[192.168.100.101]/af-[l2vpn-evpn]",
            "send_community_extended": "enabled",
            "send_community_standard": "disabled",
            "vrf": "default"
          },
          "sensitive_attributes": [],
          "private": "eyJpbXBvcnRpbmciOiJNQT09In0="
        }
      ]
    },
    {
      "mode": "managed",
      "type": "nxos_bgp_peer_address_family",
      "name": "BGP-AF-SPN201-LFN102",
      "provider": "provider[\"registry.terraform.io/ciscodevnet/nxos\"].SPN201",
      "instances": [
        {
          "schema_version": 0,
          "attributes": {
            "address": "192.168.100.102",
            "address_family": "l2vpn-evpn",
            "asn": "65000",
            "control": "rr-client",
            "device": null,
            "id": "sys/bgp/inst/dom-[default]/peer-[192.168.100.102]/af-[l2vpn-evpn]",
            "send_community_extended": "enabled",
            "send_community_standard": "disabled",
            "vrf": "default"
          },
          "sensitive_attributes": [],
          "private": "eyJpbXBvcnRpbmciOiJNQT09In0="
        }
      ]
    },
    {
      "mode": "managed",
      "type": "nxos_bgp_vrf",
      "name": "BGP-VRF-CUST01-LFN101",
      "provider": "provider[\"registry.terraform.io/ciscodevnet/nxos\"].LFN101",
      "instances": [
        {
          "schema_version": 0,
          "attributes": {
            "asn": "65000",
            "device": null,
            "id": "sys/bgp/inst/dom-[VRF-CUST01]",
            "name": "VRF-CUST01",
            "router_id": null
          },
          "sensitive_attributes": [],
          "private": "eyJpbXBvcnRpbmciOiJNQT09In0="
        }
      ]
    },
    {
      "mode": "managed",
      "type": "nxos_bgp_vrf",
      "name": "BGP-VRF-CUST01-LFN102",
      "provider": "provider[\"registry.terraform.io/ciscodevnet/nxos\"].LFN102",
      "instances": [
        {
          "schema_version": 0,
          "attributes": {
            "asn": "65000",
            "device": null,
            "id": "sys/bgp/inst/dom-[VRF-CUST01]",
            "name": "VRF-CUST01",
            "router_id": null
          },
          "sensitive_attributes": [],
          "private": "eyJpbXBvcnRpbmciOiJNQT09In0="
        }
      ]
    },
    {
      "mode": "managed",
      "type": "nxos_bgp_vrf",
      "name": "BGP-VRF-LFN101",
      "provider": "provider[\"registry.terraform.io/ciscodevnet/nxos\"].LFN101",
      "instances": [
        {
          "schema_version": 0,
          "attributes": {
            "asn": "65000",
            "device": null,
            "id": "sys/bgp/inst/dom-[default]",
            "name": "default",
            "router_id": "192.168.100.101"
          },
          "sensitive_attributes": [],
          "private": "eyJpbXBvcnRpbmciOiJNQT09In0="
        }
      ]
    },
    {
      "mode": "managed",
      "type": "nxos_bgp_vrf",
      "name": "BGP-VRF-LFN102",
      "provider": "provider[\"registry.terraform.io/ciscodevnet/nxos\"].LFN102",
      "instances": [
        {
          "schema_version": 0,
          "attributes": {
            "asn": "65000",
            "device": null,
            "id": "sys/bgp/inst/dom-[default]",
            "name": "default",
            "router_id": "192.168.100.102"
          },
          "sensitive_attributes": [],
          "private": "eyJpbXBvcnRpbmciOiJNQT09In0="
        }
      ]
    },
    {
      "mode": "managed",
      "type": "nxos_bgp_vrf",
      "name": "BGP-VRF-SPN201",
      "provider": "provider[\"registry.terraform.io/ciscodevnet/nxos\"].SPN201",
      "instances": [
        {
          "schema_version": 0,
          "attributes": {
            "asn": "65000",
            "device": null,
            "id": "sys/bgp/inst/dom-[default]",
            "name": "default",
            "router_id": "192.168.100.201"
          },
          "sensitive_attributes": [],
          "private": "eyJpbXBvcnRpbmciOiJNQT09In0="
        }
      ]
    },
    {
      "mode": "managed",
      "type": "nxos_bridge_domain",
      "name": "LFN101-VLAN10",
      "provider": "provider[\"registry.terraform.io/ciscodevnet/nxos\"].LFN101",
      "instances": [
        {
          "schema_version": 0,
          "attributes": {
            "access_encap": "vxlan-10010",
            "device": null,
            "fabric_encap": "vlan-10",
            "id": "sys/bd/bd-[vlan-10]",
            "name": "L2VNI-10"
          },
          "sensitive_attributes": [],
          "private": "eyJpbXBvcnRpbmciOiJNQT09In0="
        }
      ]
    },
    {
      "mode": "managed",
      "type": "nxos_bridge_domain",
      "name": "LFN101-VLAN11",
      "provider": "provider[\"registry.terraform.io/ciscodevnet/nxos\"].LFN101",
      "instances": [
        {
          "schema_version": 0,
          "attributes": {
            "access_encap": "vxlan-10011",
            "device": null,
            "fabric_encap": "vlan-11",
            "id": "sys/bd/bd-[vlan-11]",
            "name": "L3VNI-11"
          },
          "sensitive_attributes": [],
          "private": "eyJpbXBvcnRpbmciOiJNQT09In0="
        }
      ]
    },
    {
      "mode": "managed",
      "type": "nxos_bridge_domain",
      "name": "LFN101-VLAN20",
      "provider": "provider[\"registry.terraform.io/ciscodevnet/nxos\"].LFN101",
      "instances": [
        {
          "schema_version": 0,
          "attributes": {
            "access_encap": "vxlan-10020",
            "device": null,
            "fabric_encap": "vlan-20",
            "id": "sys/bd/bd-[vlan-20]",
            "name": "L2VNI-20"
          },
          "sensitive_attributes": [],
          "private": "eyJpbXBvcnRpbmciOiJNQT09In0="
        }
      ]
    },
    {
      "mode": "managed",
      "type": "nxos_bridge_domain",
      "name": "LFN102-VLAN10",
      "provider": "provider[\"registry.terraform.io/ciscodevnet/nxos\"].LFN102",
      "instances": [
        {
          "schema_version": 0,
          "attributes": {
            "access_encap": "vxlan-10010",
            "device": null,
            "fabric_encap": "vlan-10",
            "id": "sys/bd/bd-[vlan-10]",
            "name": "L2VNI-10"
          },
          "sensitive_attributes": [],
          "private": "eyJpbXBvcnRpbmciOiJNQT09In0="
        }
      ]
    },
    {
      "mode": "managed",
      "type": "nxos_bridge_domain",
      "name": "LFN102-VLAN11",
      "provider": "provider[\"registry.terraform.io/ciscodevnet/nxos\"].LFN102",
      "instances": [
        {
          "schema_version": 0,
          "attributes": {
            "access_encap": "vxlan-10011",
            "device": null,
            "fabric_encap": "vlan-11",
            "id": "sys/bd/bd-[vlan-11]",
            "name": "L3VNI-11"
          },
          "sensitive_attributes": [],
          "private": "eyJpbXBvcnRpbmciOiJNQT09In0="
        }
      ]
    },
    {
      "mode": "managed",
      "type": "nxos_bridge_domain",
      "name": "LFN102-VLAN20",
      "provider": "provider[\"registry.terraform.io/ciscodevnet/nxos\"].LFN102",
      "instances": [
        {
          "schema_version": 0,
          "attributes": {
            "access_encap": "vxlan-10020",
            "device": null,
            "fabric_encap": "vlan-20",
            "id": "sys/bd/bd-[vlan-20]",
            "name": "L2VNI-20"
          },
          "sensitive_attributes": [],
          "private": "eyJpbXBvcnRpbmciOiJNQT09In0="
        }
      ]
    },
    {
      "mode": "managed",
      "type": "nxos_evpn_vni",
      "name": "LFN101-L2VNI-10010",
      "provider": "provider[\"registry.terraform.io/ciscodevnet/nxos\"].LFN101",
      "instances": [
        {
          "schema_version": 0,
          "attributes": {
            "device": null,
            "encap": "vxlan-10010",
            "id": "sys/evpn/bdevi-[vxlan-10010]",
            "route_distinguisher": "rd:unknown:0:0"
          },
          "sensitive_attributes": [],
          "private": "eyJpbXBvcnRpbmciOiJNQT09In0="
        }
      ]
    },
    {
      "mode": "managed",
      "type": "nxos_evpn_vni",
      "name": "LFN101-L2VNI-10020",
      "provider": "provider[\"registry.terraform.io/ciscodevnet/nxos\"].LFN101",
      "instances": [
        {
          "schema_version": 0,
          "attributes": {
            "device": null,
            "encap": "vxlan-10020",
            "id": "sys/evpn/bdevi-[vxlan-10020]",
            "route_distinguisher": "rd:unknown:0:0"
          },
          "sensitive_attributes": [],
          "private": "eyJpbXBvcnRpbmciOiJNQT09In0="
        }
      ]
    },
    {
      "mode": "managed",
      "type": "nxos_evpn_vni",
      "name": "LFN102-L2VNI-10010",
      "provider": "provider[\"registry.terraform.io/ciscodevnet/nxos\"].LFN102",
      "instances": [
        {
          "schema_version": 0,
          "attributes": {
            "device": null,
            "encap": "vxlan-10010",
            "id": "sys/evpn/bdevi-[vxlan-10010]",
            "route_distinguisher": "rd:unknown:0:0"
          },
          "sensitive_attributes": [],
          "private": "eyJpbXBvcnRpbmciOiJNQT09In0="
        }
      ]
    },
    {
      "mode": "managed",
      "type": "nxos_evpn_vni",
      "name": "LFN102-L2VNI-10020",
      "provider": "provider[\"registry.terraform.io/ciscodevnet/nxos\"].LFN102",
      "instances": [
        {
          "schema_version": 0,
          "attributes": {
            "device": null,
            "encap": "vxlan-10020",
            "id": "sys/evpn/bdevi-[vxlan-10020]",
            "route_distinguisher": "rd:unknown:0:0"
          },
          "sensitive_attributes": [],
          "private": "eyJpbXBvcnRpbmciOiJNQT09In0="
        }
      ]
    },
    {
      "mode": "managed",
      "type": "nxos_evpn_vni_route_target",
      "name": "LFN101-L2VNI-10010-RTE",
      "provider": "provider[\"registry.terraform.io/ciscodevnet/nxos\"].LFN101",
      "instances": [
        {
          "schema_version": 0,
          "attributes": {
            "device": null,
            "direction": "export",
            "encap": "vxlan-10010",
            "id": "sys/evpn/bdevi-[vxlan-10010]/rttp-[export]/ent-[route-target:unknown:0:0]",
            "route_target": "route-target:unknown:0:0"
          },
          "sensitive_attributes": [],
          "private": "eyJpbXBvcnRpbmciOiJNQT09In0=",
          "dependencies": [
            "nxos_evpn_vni.LFN101-L2VNI-10010",
            "nxos_evpn_vni_route_target_direction.LFN101-L2VNI-10010-RTDE"
          ]
        }
      ]
    },
    {
      "mode": "managed",
      "type": "nxos_evpn_vni_route_target",
      "name": "LFN101-L2VNI-10010-RTI",
      "provider": "provider[\"registry.terraform.io/ciscodevnet/nxos\"].LFN101",
      "instances": [
        {
          "schema_version": 0,
          "attributes": {
            "device": null,
            "direction": "import",
            "encap": "vxlan-10010",
            "id": "sys/evpn/bdevi-[vxlan-10010]/rttp-[import]/ent-[route-target:unknown:0:0]",
            "route_target": "route-target:unknown:0:0"
          },
          "sensitive_attributes": [],
          "private": "eyJpbXBvcnRpbmciOiJNQT09In0=",
          "dependencies": [
            "nxos_evpn_vni.LFN101-L2VNI-10010",
            "nxos_evpn_vni_route_target_direction.LFN101-L2VNI-10010-RTDI"
          ]
        }
      ]
    },
    {
      "mode": "managed",
      "type": "nxos_evpn_vni_route_target",
      "name": "LFN101-L2VNI-10020-RTE",
      "provider": "provider[\"registry.terraform.io/ciscodevnet/nxos\"].LFN101",
      "instances": [
        {
          "schema_version": 0,
          "attributes": {
            "device": null,
            "direction": "export",
            "encap": "vxlan-10020",
            "id": "sys/evpn/bdevi-[vxlan-10020]/rttp-[export]/ent-[route-target:unknown:0:0]",
            "route_target": "route-target:unknown:0:0"
          },
          "sensitive_attributes": [],
          "private": "eyJpbXBvcnRpbmciOiJNQT09In0=",
          "dependencies": [
            "nxos_evpn_vni.LFN101-L2VNI-10020",
            "nxos_evpn_vni_route_target_direction.LFN101-L2VNI-10020-RTDE"
          ]
        }
      ]
    },
    {
      "mode": "managed",
      "type": "nxos_evpn_vni_route_target",
      "name": "LFN101-L2VNI-10020-RTI",
      "provider": "provider[\"registry.terraform.io/ciscodevnet/nxos\"].LFN101",
      "instances": [
        {
          "schema_version": 0,
          "attributes": {
            "device": null,
            "direction": "import",
            "encap": "vxlan-10020",
            "id": "sys/evpn/bdevi-[vxlan-10020]/rttp-[import]/ent-[route-target:unknown:0:0]",
            "route_target": "route-target:unknown:0:0"
          },
          "sensitive_attributes": [],
          "private": "eyJpbXBvcnRpbmciOiJNQT09In0=",
          "dependencies": [
            "nxos_evpn_vni.LFN101-L2VNI-10020",
            "nxos_evpn_vni_route_target_direction.LFN101-L2VNI-10020-RTDI"
          ]
        }
      ]
    },
    {
      "mode": "managed",
      "type": "nxos_evpn_vni_route_target",
      "name": "LFN102-L2VNI-10010-RTE",
      "provider": "provider[\"registry.terraform.io/ciscodevnet/nxos\"].LFN102",
      "instances": [
        {
          "schema_version": 0,
          "attributes": {
            "device": null,
            "direction": "export",
            "encap": "vxlan-10010",
            "id": "sys/evpn/bdevi-[vxlan-10010]/rttp-[export]/ent-[route-target:unknown:0:0]",
            "route_target": "route-target:unknown:0:0"
          },
          "sensitive_attributes": [],
          "private": "eyJpbXBvcnRpbmciOiJNQT09In0=",
          "dependencies": [
            "nxos_evpn_vni.LFN102-L2VNI-10010",
            "nxos_evpn_vni_route_target_direction.LFN102-L2VNI-10010-RTDE"
          ]
        }
      ]
    },
    {
      "mode": "managed",
      "type": "nxos_evpn_vni_route_target",
      "name": "LFN102-L2VNI-10010-RTI",
      "provider": "provider[\"registry.terraform.io/ciscodevnet/nxos\"].LFN102",
      "instances": [
        {
          "schema_version": 0,
          "attributes": {
            "device": null,
            "direction": "import",
            "encap": "vxlan-10010",
            "id": "sys/evpn/bdevi-[vxlan-10010]/rttp-[import]/ent-[route-target:unknown:0:0]",
            "route_target": "route-target:unknown:0:0"
          },
          "sensitive_attributes": [],
          "private": "eyJpbXBvcnRpbmciOiJNQT09In0=",
          "dependencies": [
            "nxos_evpn_vni.LFN102-L2VNI-10010",
            "nxos_evpn_vni_route_target_direction.LFN102-L2VNI-10010-RTDI"
          ]
        }
      ]
    },
    {
      "mode": "managed",
      "type": "nxos_evpn_vni_route_target",
      "name": "LFN102-L2VNI-10020-RTE",
      "provider": "provider[\"registry.terraform.io/ciscodevnet/nxos\"].LFN102",
      "instances": [
        {
          "schema_version": 0,
          "attributes": {
            "device": null,
            "direction": "export",
            "encap": "vxlan-10020",
            "id": "sys/evpn/bdevi-[vxlan-10020]/rttp-[export]/ent-[route-target:unknown:0:0]",
            "route_target": "route-target:unknown:0:0"
          },
          "sensitive_attributes": [],
          "private": "eyJpbXBvcnRpbmciOiJNQT09In0=",
          "dependencies": [
            "nxos_evpn_vni.LFN102-L2VNI-10020",
            "nxos_evpn_vni_route_target_direction.LFN102-L2VNI-10020-RTDE"
          ]
        }
      ]
    },
    {
      "mode": "managed",
      "type": "nxos_evpn_vni_route_target",
      "name": "LFN102-L2VNI-10020-RTI",
      "provider": "provider[\"registry.terraform.io/ciscodevnet/nxos\"].LFN102",
      "instances": [
        {
          "schema_version": 0,
          "attributes": {
            "device": null,
            "direction": "import",
            "encap": "vxlan-10020",
            "id": "sys/evpn/bdevi-[vxlan-10020]/rttp-[import]/ent-[route-target:unknown:0:0]",
            "route_target": "route-target:unknown:0:0"
          },
          "sensitive_attributes": [],
          "private": "eyJpbXBvcnRpbmciOiJNQT09In0=",
          "dependencies": [
            "nxos_evpn_vni.LFN102-L2VNI-10020",
            "nxos_evpn_vni_route_target_direction.LFN102-L2VNI-10020-RTDI"
          ]
        }
      ]
    },
    {
      "mode": "managed",
      "type": "nxos_evpn_vni_route_target_direction",
      "name": "LFN101-L2VNI-10010-RTDE",
      "provider": "provider[\"registry.terraform.io/ciscodevnet/nxos\"].LFN101",
      "instances": [
        {
          "schema_version": 0,
          "attributes": {
            "device": null,
            "direction": "export",
            "encap": "vxlan-10010",
            "id": "sys/evpn/bdevi-[vxlan-10010]/rttp-[export]"
          },
          "sensitive_attributes": [],
          "private": "eyJpbXBvcnRpbmciOiJNQT09In0=",
          "dependencies": [
            "nxos_evpn_vni.LFN101-L2VNI-10010"
          ]
        }
      ]
    },
    {
      "mode": "managed",
      "type": "nxos_evpn_vni_route_target_direction",
      "name": "LFN101-L2VNI-10010-RTDI",
      "provider": "provider[\"registry.terraform.io/ciscodevnet/nxos\"].LFN101",
      "instances": [
        {
          "schema_version": 0,
          "attributes": {
            "device": null,
            "direction": "import",
            "encap": "vxlan-10010",
            "id": "sys/evpn/bdevi-[vxlan-10010]/rttp-[import]"
          },
          "sensitive_attributes": [],
          "private": "eyJpbXBvcnRpbmciOiJNQT09In0=",
          "dependencies": [
            "nxos_evpn_vni.LFN101-L2VNI-10010"
          ]
        }
      ]
    },
    {
      "mode": "managed",
      "type": "nxos_evpn_vni_route_target_direction",
      "name": "LFN101-L2VNI-10020-RTDE",
      "provider": "provider[\"registry.terraform.io/ciscodevnet/nxos\"].LFN101",
      "instances": [
        {
          "schema_version": 0,
          "attributes": {
            "device": null,
            "direction": "export",
            "encap": "vxlan-10020",
            "id": "sys/evpn/bdevi-[vxlan-10020]/rttp-[export]"
          },
          "sensitive_attributes": [],
          "private": "eyJpbXBvcnRpbmciOiJNQT09In0=",
          "dependencies": [
            "nxos_evpn_vni.LFN101-L2VNI-10020"
          ]
        }
      ]
    },
    {
      "mode": "managed",
      "type": "nxos_evpn_vni_route_target_direction",
      "name": "LFN101-L2VNI-10020-RTDI",
      "provider": "provider[\"registry.terraform.io/ciscodevnet/nxos\"].LFN101",
      "instances": [
        {
          "schema_version": 0,
          "attributes": {
            "device": null,
            "direction": "import",
            "encap": "vxlan-10020",
            "id": "sys/evpn/bdevi-[vxlan-10020]/rttp-[import]"
          },
          "sensitive_attributes": [],
          "private": "eyJpbXBvcnRpbmciOiJNQT09In0=",
          "dependencies": [
            "nxos_evpn_vni.LFN101-L2VNI-10020"
          ]
        }
      ]
    },
    {
      "mode": "managed",
      "type": "nxos_evpn_vni_route_target_direction",
      "name": "LFN102-L2VNI-10010-RTDE",
      "provider": "provider[\"registry.terraform.io/ciscodevnet/nxos\"].LFN102",
      "instances": [
        {
          "schema_version": 0,
          "attributes": {
            "device": null,
            "direction": "export",
            "encap": "vxlan-10010",
            "id": "sys/evpn/bdevi-[vxlan-10010]/rttp-[export]"
          },
          "sensitive_attributes": [],
          "private": "eyJpbXBvcnRpbmciOiJNQT09In0=",
          "dependencies": [
            "nxos_evpn_vni.LFN102-L2VNI-10010"
          ]
        }
      ]
    },
    {
      "mode": "managed",
      "type": "nxos_evpn_vni_route_target_direction",
      "name": "LFN102-L2VNI-10010-RTDI",
      "provider": "provider[\"registry.terraform.io/ciscodevnet/nxos\"].LFN102",
      "instances": [
        {
          "schema_version": 0,
          "attributes": {
            "device": null,
            "direction": "import",
            "encap": "vxlan-10010",
            "id": "sys/evpn/bdevi-[vxlan-10010]/rttp-[import]"
          },
          "sensitive_attributes": [],
          "private": "eyJpbXBvcnRpbmciOiJNQT09In0=",
          "dependencies": [
            "nxos_evpn_vni.LFN102-L2VNI-10010"
          ]
        }
      ]
    },
    {
      "mode": "managed",
      "type": "nxos_evpn_vni_route_target_direction",
      "name": "LFN102-L2VNI-10020-RTDE",
      "provider": "provider[\"registry.terraform.io/ciscodevnet/nxos\"].LFN102",
      "instances": [
        {
          "schema_version": 0,
          "attributes": {
            "device": null,
            "direction": "export",
            "encap": "vxlan-10020",
            "id": "sys/evpn/bdevi-[vxlan-10020]/rttp-[export]"
          },
          "sensitive_attributes": [],
          "private": "eyJpbXBvcnRpbmciOiJNQT09In0=",
          "dependencies": [
            "nxos_evpn_vni.LFN102-L2VNI-10020"
          ]
        }
      ]
    },
    {
      "mode": "managed",
      "type": "nxos_evpn_vni_route_target_direction",
      "name": "LFN102-L2VNI-10020-RTDI",
      "provider": "provider[\"registry.terraform.io/ciscodevnet/nxos\"].LFN102",
      "instances": [
        {
          "schema_version": 0,
          "attributes": {
            "device": null,
            "direction": "import",
            "encap": "vxlan-10020",
            "id": "sys/evpn/bdevi-[vxlan-10020]/rttp-[import]"
          },
          "sensitive_attributes": [],
          "private": "eyJpbXBvcnRpbmciOiJNQT09In0=",
          "dependencies": [
            "nxos_evpn_vni.LFN102-L2VNI-10020"
          ]
        }
      ]
    },
    {
      "mode": "managed",
      "type": "nxos_hmm_interface",
      "name": "INTF-LFN101-VLAN10-HMM",
      "provider": "provider[\"registry.terraform.io/ciscodevnet/nxos\"].LFN101",
      "instances": [
        {
          "schema_version": 0,
          "attributes": {
            "admin_state": "enabled",
            "device": null,
            "id": "sys/hmm/fwdinst/if-[vlan10]",
            "interface_id": "vlan10",
            "mode": "anycastGW"
          },
          "sensitive_attributes": [],
          "private": "eyJpbXBvcnRpbmciOiJNQT09In0="
        }
      ]
    },
    {
      "mode": "managed",
      "type": "nxos_hmm_interface",
      "name": "INTF-LFN102-VLAN10-HMM",
      "provider": "provider[\"registry.terraform.io/ciscodevnet/nxos\"].LFN102",
      "instances": [
        {
          "schema_version": 0,
          "attributes": {
            "admin_state": "enabled",
            "device": null,
            "id": "sys/hmm/fwdinst/if-[vlan10]",
            "interface_id": "vlan10",
            "mode": "anycastGW"
          },
          "sensitive_attributes": [],
          "private": "eyJpbXBvcnRpbmciOiJNQT09In0="
        }
      ]
    },
    {
      "mode": "managed",
      "type": "nxos_ipv4_interface",
      "name": "INTF-LFN101-Eth1-1-IPV4",
      "provider": "provider[\"registry.terraform.io/ciscodevnet/nxos\"].LFN101",
      "instances": [
        {
          "schema_version": 0,
          "attributes": {
            "device": null,
            "drop_glean": "disabled",
            "forward": "disabled",
            "id": "sys/ipv4/inst/dom-[default]/if-[eth1/1]",
            "interface_id": "eth1/1",
            "unnumbered": "lo0",
            "urpf": "disabled",
            "vrf": "default"
          },
          "sensitive_attributes": [],
          "private": "eyJpbXBvcnRpbmciOiJNQT09In0=",
          "dependencies": [
            "nxos_physical_interface.INTF-LFN101-Eth1-1"
          ]
        }
      ]
    },
    {
      "mode": "managed",
      "type": "nxos_ipv4_interface",
      "name": "INTF-LFN101-Lo0-IPV4",
      "provider": "provider[\"registry.terraform.io/ciscodevnet/nxos\"].LFN101",
      "instances": [
        {
          "schema_version": 0,
          "attributes": {
            "device": null,
            "drop_glean": "disabled",
            "forward": "disabled",
            "id": "sys/ipv4/inst/dom-[default]/if-[lo0]",
            "interface_id": "lo0",
            "unnumbered": "unspecified",
            "urpf": "disabled",
            "vrf": "default"
          },
          "sensitive_attributes": [],
          "private": "eyJpbXBvcnRpbmciOiJNQT09In0=",
          "dependencies": [
            "nxos_loopback_interface.INTF-LFN101-Lo0"
          ]
        }
      ]
    },
    {
      "mode": "managed",
      "type": "nxos_ipv4_interface",
      "name": "INTF-LFN101-Lo10-IPV4",
      "provider": "provider[\"registry.terraform.io/ciscodevnet/nxos\"].LFN101",
      "instances": [
        {
          "schema_version": 0,
          "attributes": {
            "device": null,
            "drop_glean": "disabled",
            "forward": "disabled",
            "id": "sys/ipv4/inst/dom-[default]/if-[lo10]",
            "interface_id": "lo10",
            "unnumbered": "unspecified",
            "urpf": "disabled",
            "vrf": "default"
          },
          "sensitive_attributes": [],
          "private": "eyJpbXBvcnRpbmciOiJNQT09In0=",
          "dependencies": [
            "nxos_loopback_interface.INTF-LFN101-Lo10"
          ]
        }
      ]
    },
    {
      "mode": "managed",
      "type": "nxos_ipv4_interface",
      "name": "INTF-LFN101-Lo100-IPV4",
      "provider": "provider[\"registry.terraform.io/ciscodevnet/nxos\"].LFN101",
      "instances": [
        {
          "schema_version": 0,
          "attributes": {
            "device": null,
            "drop_glean": "disabled",
            "forward": "disabled",
            "id": "sys/ipv4/inst/dom-[default]/if-[lo100]",
            "interface_id": "lo100",
            "unnumbered": "unspecified",
            "urpf": "disabled",
            "vrf": "default"
          },
          "sensitive_attributes": [],
          "private": "eyJpbXBvcnRpbmciOiJNQT09In0=",
          "dependencies": [
            "nxos_loopback_interface.INTF-LFN101-Lo100"
          ]
        }
      ]
    },
    {
      "mode": "managed",
      "type": "nxos_ipv4_interface",
      "name": "INTF-LFN101-VLAN10-IP",
      "provider": "provider[\"registry.terraform.io/ciscodevnet/nxos\"].LFN101",
      "instances": [
        {
          "schema_version": 0,
          "attributes": {
            "device": null,
            "drop_glean": "disabled",
            "forward": "disabled",
            "id": "sys/ipv4/inst/dom-[VRF-CUST01]/if-[vlan10]",
            "interface_id": "vlan10",
            "unnumbered": "unspecified",
            "urpf": "disabled",
            "vrf": "VRF-CUST01"
          },
          "sensitive_attributes": [],
          "private": "eyJpbXBvcnRpbmciOiJNQT09In0="
        }
      ]
    },
    {
      "mode": "managed",
      "type": "nxos_ipv4_interface",
      "name": "INTF-LFN101-VLAN11-IP",
      "provider": "provider[\"registry.terraform.io/ciscodevnet/nxos\"].LFN101",
      "instances": [
        {
          "schema_version": 0,
          "attributes": {
            "device": null,
            "drop_glean": "disabled",
            "forward": "enabled",
            "id": "sys/ipv4/inst/dom-[VRF-CUST01]/if-[vlan11]",
            "interface_id": "vlan11",
            "unnumbered": "unspecified",
            "urpf": "disabled",
            "vrf": "VRF-CUST01"
          },
          "sensitive_attributes": [],
          "private": "eyJpbXBvcnRpbmciOiJNQT09In0="
        }
      ]
    },
    {
      "mode": "managed",
      "type": "nxos_ipv4_interface",
      "name": "INTF-LFN102-Eth1-1-IPV4",
      "provider": "provider[\"registry.terraform.io/ciscodevnet/nxos\"].LFN102",
      "instances": [
        {
          "schema_version": 0,
          "attributes": {
            "device": null,
            "drop_glean": "disabled",
            "forward": "disabled",
            "id": "sys/ipv4/inst/dom-[default]/if-[eth1/1]",
            "interface_id": "eth1/1",
            "unnumbered": "lo0",
            "urpf": "disabled",
            "vrf": "default"
          },
          "sensitive_attributes": [],
          "private": "eyJpbXBvcnRpbmciOiJNQT09In0=",
          "dependencies": [
            "nxos_physical_interface.INTF-LFN102-Eth1-1"
          ]
        }
      ]
    },
    {
      "mode": "managed",
      "type": "nxos_ipv4_interface",
      "name": "INTF-LFN102-Eth1-2-IPV4",
      "provider": "provider[\"registry.terraform.io/ciscodevnet/nxos\"].LFN102",
      "instances": [
        {
          "schema_version": 0,
          "attributes": {
            "device": null,
            "drop_glean": "disabled",
            "forward": "disabled",
            "id": "sys/ipv4/inst/dom-[default]/if-[eth1/2]",
            "interface_id": "eth1/2",
            "unnumbered": "lo0",
            "urpf": "disabled",
            "vrf": "default"
          },
          "sensitive_attributes": [],
          "private": "eyJpbXBvcnRpbmciOiJNQT09In0=",
          "dependencies": [
            "nxos_physical_interface.INTF-LFN102-Eth1-2"
          ]
        }
      ]
    },
    {
      "mode": "managed",
      "type": "nxos_ipv4_interface",
      "name": "INTF-LFN102-Lo0-IPV4",
      "provider": "provider[\"registry.terraform.io/ciscodevnet/nxos\"].LFN102",
      "instances": [
        {
          "schema_version": 0,
          "attributes": {
            "device": null,
            "drop_glean": "disabled",
            "forward": "disabled",
            "id": "sys/ipv4/inst/dom-[default]/if-[lo0]",
            "interface_id": "lo0",
            "unnumbered": "unspecified",
            "urpf": "disabled",
            "vrf": "default"
          },
          "sensitive_attributes": [],
          "private": "eyJpbXBvcnRpbmciOiJNQT09In0=",
          "dependencies": [
            "nxos_loopback_interface.INTF-LFN102-Lo0"
          ]
        }
      ]
    },
    {
      "mode": "managed",
      "type": "nxos_ipv4_interface",
      "name": "INTF-LFN102-Lo10-IPV4",
      "provider": "provider[\"registry.terraform.io/ciscodevnet/nxos\"].LFN102",
      "instances": [
        {
          "schema_version": 0,
          "attributes": {
            "device": null,
            "drop_glean": "disabled",
            "forward": "disabled",
            "id": "sys/ipv4/inst/dom-[default]/if-[lo10]",
            "interface_id": "lo10",
            "unnumbered": "unspecified",
            "urpf": "disabled",
            "vrf": "default"
          },
          "sensitive_attributes": [],
          "private": "eyJpbXBvcnRpbmciOiJNQT09In0=",
          "dependencies": [
            "nxos_loopback_interface.INTF-LFN102-Lo10"
          ]
        }
      ]
    },
    {
      "mode": "managed",
      "type": "nxos_ipv4_interface",
      "name": "INTF-LFN102-Lo100-IPV4",
      "provider": "provider[\"registry.terraform.io/ciscodevnet/nxos\"].LFN102",
      "instances": [
        {
          "schema_version": 0,
          "attributes": {
            "device": null,
            "drop_glean": "disabled",
            "forward": "disabled",
            "id": "sys/ipv4/inst/dom-[default]/if-[lo100]",
            "interface_id": "lo100",
            "unnumbered": "unspecified",
            "urpf": "disabled",
            "vrf": "default"
          },
          "sensitive_attributes": [],
          "private": "eyJpbXBvcnRpbmciOiJNQT09In0=",
          "dependencies": [
            "nxos_loopback_interface.INTF-LFN102-Lo100"
          ]
        }
      ]
    },
    {
      "mode": "managed",
      "type": "nxos_ipv4_interface",
      "name": "INTF-LFN102-VLAN10-IP",
      "provider": "provider[\"registry.terraform.io/ciscodevnet/nxos\"].LFN102",
      "instances": [
        {
          "schema_version": 0,
          "attributes": {
            "device": null,
            "drop_glean": "disabled",
            "forward": "disabled",
            "id": "sys/ipv4/inst/dom-[VRF-CUST01]/if-[vlan10]",
            "interface_id": "vlan10",
            "unnumbered": "unspecified",
            "urpf": "disabled",
            "vrf": "VRF-CUST01"
          },
          "sensitive_attributes": [],
          "private": "eyJpbXBvcnRpbmciOiJNQT09In0="
        }
      ]
    },
    {
      "mode": "managed",
      "type": "nxos_ipv4_interface",
      "name": "INTF-SPN101-Eth1-2-IPV4",
      "provider": "provider[\"registry.terraform.io/ciscodevnet/nxos\"].SPN201",
      "instances": [
        {
          "schema_version": 0,
          "attributes": {
            "device": null,
            "drop_glean": "disabled",
            "forward": "disabled",
            "id": "sys/ipv4/inst/dom-[default]/if-[eth1/2]",
            "interface_id": "eth1/2",
            "unnumbered": "lo0",
            "urpf": "disabled",
            "vrf": "default"
          },
          "sensitive_attributes": [],
          "private": "eyJpbXBvcnRpbmciOiJNQT09In0=",
          "dependencies": [
            "nxos_physical_interface.INTF-SPN201-Eth1-2"
          ]
        }
      ]
    },
    {
      "mode": "managed",
      "type": "nxos_ipv4_interface",
      "name": "INTF-SPN201-Eth1-1-IPV4",
      "provider": "provider[\"registry.terraform.io/ciscodevnet/nxos\"].SPN201",
      "instances": [
        {
          "schema_version": 0,
          "attributes": {
            "device": null,
            "drop_glean": "disabled",
            "forward": "disabled",
            "id": "sys/ipv4/inst/dom-[default]/if-[eth1/1]",
            "interface_id": "eth1/1",
            "unnumbered": "lo0",
            "urpf": "disabled",
            "vrf": "default"
          },
          "sensitive_attributes": [],
          "private": "eyJpbXBvcnRpbmciOiJNQT09In0=",
          "dependencies": [
            "nxos_physical_interface.INTF-SPN201-Eth1-1"
          ]
        }
      ]
    },
    {
      "mode": "managed",
      "type": "nxos_ipv4_interface",
      "name": "INTF-SPN201-Lo0-IPV4",
      "provider": "provider[\"registry.terraform.io/ciscodevnet/nxos\"].SPN201",
      "instances": [
        {
          "schema_version": 0,
          "attributes": {
            "device": null,
            "drop_glean": "disabled",
            "forward": "disabled",
            "id": "sys/ipv4/inst/dom-[default]/if-[lo0]",
            "interface_id": "lo0",
            "unnumbered": "unspecified",
            "urpf": "disabled",
            "vrf": "default"
          },
          "sensitive_attributes": [],
          "private": "eyJpbXBvcnRpbmciOiJNQT09In0=",
          "dependencies": [
            "nxos_loopback_interface.INTF-SPN201-Lo0"
          ]
        }
      ]
    },
    {
      "mode": "managed",
      "type": "nxos_ipv4_interface",
      "name": "INTF-SPN201-Lo10-IPV4",
      "provider": "provider[\"registry.terraform.io/ciscodevnet/nxos\"].SPN201",
      "instances": [
        {
          "schema_version": 0,
          "attributes": {
            "device": null,
            "drop_glean": "disabled",
            "forward": "disabled",
            "id": "sys/ipv4/inst/dom-[default]/if-[lo10]",
            "interface_id": "lo10",
            "unnumbered": "unspecified",
            "urpf": "disabled",
            "vrf": "default"
          },
          "sensitive_attributes": [],
          "private": "eyJpbXBvcnRpbmciOiJNQT09In0=",
          "dependencies": [
            "nxos_loopback_interface.INTF-SPN201-Lo10"
          ]
        }
      ]
    },
    {
      "mode": "managed",
      "type": "nxos_ipv4_interface",
      "name": "INTF-SPN201-Lo100-IPV4",
      "provider": "provider[\"registry.terraform.io/ciscodevnet/nxos\"].SPN201",
      "instances": [
        {
          "schema_version": 0,
          "attributes": {
            "device": null,
            "drop_glean": "disabled",
            "forward": "disabled",
            "id": "sys/ipv4/inst/dom-[default]/if-[lo100]",
            "interface_id": "lo100",
            "unnumbered": "unspecified",
            "urpf": "disabled",
            "vrf": "default"
          },
          "sensitive_attributes": [],
          "private": "eyJpbXBvcnRpbmciOiJNQT09In0=",
          "dependencies": [
            "nxos_loopback_interface.INTF-SPN201-Lo100"
          ]
        }
      ]
    },
    {
      "mode": "managed",
      "type": "nxos_ipv4_interface",
      "name": "INTF-SPN201-Lo238-IPV4",
      "provider": "provider[\"registry.terraform.io/ciscodevnet/nxos\"].SPN201",
      "instances": [
        {
          "schema_version": 0,
          "attributes": {
            "device": null,
            "drop_glean": "disabled",
            "forward": "disabled",
            "id": "sys/ipv4/inst/dom-[default]/if-[lo238]",
            "interface_id": "lo238",
            "unnumbered": "unspecified",
            "urpf": "disabled",
            "vrf": "default"
          },
          "sensitive_attributes": [],
          "private": "eyJpbXBvcnRpbmciOiJNQT09In0=",
          "dependencies": [
            "nxos_loopback_interface.INTF-SPN201-Lo238"
          ]
        }
      ]
    },
    {
      "mode": "managed",
      "type": "nxos_ipv4_interface_address",
      "name": "INTF-LFN101-Lo0-IPV4-ADDR",
      "provider": "provider[\"registry.terraform.io/ciscodevnet/nxos\"].LFN101",
      "instances": [
        {
          "schema_version": 0,
          "attributes": {
            "address": "192.168.0.101",
            "device": null,
            "id": "sys/ipv4/inst/dom-[default]/if-[lo0]/addr-[192.168.0.101]",
            "interface_id": "lo0",
            "tag": 0,
            "type": "primary",
            "vrf": "default"
          },
          "sensitive_attributes": [],
          "private": "eyJpbXBvcnRpbmciOiJNQT09In0=",
          "dependencies": [
            "nxos_ipv4_interface.INTF-LFN101-Lo0-IPV4",
            "nxos_loopback_interface.INTF-LFN101-Lo0"
          ]
        }
      ]
    },
    {
      "mode": "managed",
      "type": "nxos_ipv4_interface_address",
      "name": "INTF-LFN101-Lo10-IPV4-ADDR",
      "provider": "provider[\"registry.terraform.io/ciscodevnet/nxos\"].LFN101",
      "instances": [
        {
          "schema_version": 0,
          "attributes": {
            "address": "192.168.10.101",
            "device": null,
            "id": "sys/ipv4/inst/dom-[default]/if-[lo10]/addr-[192.168.10.101]",
            "interface_id": "lo10",
            "tag": 0,
            "type": "primary",
            "vrf": "default"
          },
          "sensitive_attributes": [],
          "private": "eyJpbXBvcnRpbmciOiJNQT09In0=",
          "dependencies": [
            "nxos_ipv4_interface.INTF-LFN101-Lo10-IPV4",
            "nxos_loopback_interface.INTF-LFN101-Lo10"
          ]
        }
      ]
    },
    {
      "mode": "managed",
      "type": "nxos_ipv4_interface_address",
      "name": "INTF-LFN101-Lo100-IPV4-ADDR",
      "provider": "provider[\"registry.terraform.io/ciscodevnet/nxos\"].LFN101",
      "instances": [
        {
          "schema_version": 0,
          "attributes": {
            "address": "192.168.100.101",
            "device": null,
            "id": "sys/ipv4/inst/dom-[default]/if-[lo100]/addr-[192.168.100.101]",
            "interface_id": "lo100",
            "tag": 0,
            "type": "primary",
            "vrf": "default"
          },
          "sensitive_attributes": [],
          "private": "eyJpbXBvcnRpbmciOiJNQT09In0=",
          "dependencies": [
            "nxos_ipv4_interface.INTF-LFN101-Lo100-IPV4",
            "nxos_loopback_interface.INTF-LFN101-Lo100"
          ]
        }
      ]
    },
    {
      "mode": "managed",
      "type": "nxos_ipv4_interface_address",
      "name": "INTF-LFN101-VLAN10-IPV4-ADDR",
      "provider": "provider[\"registry.terraform.io/ciscodevnet/nxos\"].LFN101",
      "instances": [
        {
          "schema_version": 0,
          "attributes": {
            "address": "192.168.10.1/28",
            "device": null,
            "id": "sys/ipv4/inst/dom-[VRF-CUST01]/if-[vlan10]/addr-[192.168.10.1/28]",
            "interface_id": "vlan10",
            "tag": 0,
            "type": "primary",
            "vrf": "VRF-CUST01"
          },
          "sensitive_attributes": [],
          "private": "eyJpbXBvcnRpbmciOiJNQT09In0="
        }
      ]
    },
    {
      "mode": "managed",
      "type": "nxos_ipv4_interface_address",
      "name": "INTF-LFN102-Lo0-IPV4-ADDR",
      "provider": "provider[\"registry.terraform.io/ciscodevnet/nxos\"].LFN102",
      "instances": [
        {
          "schema_version": 0,
          "attributes": {
            "address": "192.168.0.102",
            "device": null,
            "id": "sys/ipv4/inst/dom-[default]/if-[lo0]/addr-[192.168.0.102]",
            "interface_id": "lo0",
            "tag": 0,
            "type": "primary",
            "vrf": "default"
          },
          "sensitive_attributes": [],
          "private": "eyJpbXBvcnRpbmciOiJNQT09In0=",
          "dependencies": [
            "nxos_ipv4_interface.INTF-LFN102-Lo0-IPV4",
            "nxos_loopback_interface.INTF-LFN102-Lo0"
          ]
        }
      ]
    },
    {
      "mode": "managed",
      "type": "nxos_ipv4_interface_address",
      "name": "INTF-LFN102-Lo10-IPV4-ADDR",
      "provider": "provider[\"registry.terraform.io/ciscodevnet/nxos\"].LFN102",
      "instances": [
        {
          "schema_version": 0,
          "attributes": {
            "address": "192.168.10.102",
            "device": null,
            "id": "sys/ipv4/inst/dom-[default]/if-[lo10]/addr-[192.168.10.102]",
            "interface_id": "lo10",
            "tag": 0,
            "type": "primary",
            "vrf": "default"
          },
          "sensitive_attributes": [],
          "private": "eyJpbXBvcnRpbmciOiJNQT09In0=",
          "dependencies": [
            "nxos_ipv4_interface.INTF-LFN102-Lo10-IPV4",
            "nxos_loopback_interface.INTF-LFN102-Lo10"
          ]
        }
      ]
    },
    {
      "mode": "managed",
      "type": "nxos_ipv4_interface_address",
      "name": "INTF-LFN102-Lo100-IPV4-ADDR",
      "provider": "provider[\"registry.terraform.io/ciscodevnet/nxos\"].LFN102",
      "instances": [
        {
          "schema_version": 0,
          "attributes": {
            "address": "192.168.100.102",
            "device": null,
            "id": "sys/ipv4/inst/dom-[default]/if-[lo100]/addr-[192.168.100.102]",
            "interface_id": "lo100",
            "tag": 0,
            "type": "primary",
            "vrf": "default"
          },
          "sensitive_attributes": [],
          "private": "eyJpbXBvcnRpbmciOiJNQT09In0=",
          "dependencies": [
            "nxos_ipv4_interface.INTF-LFN102-Lo100-IPV4",
            "nxos_loopback_interface.INTF-LFN102-Lo100"
          ]
        }
      ]
    },
    {
      "mode": "managed",
      "type": "nxos_ipv4_interface_address",
      "name": "INTF-LFN102-VLAN10-IPV4-ADDR",
      "provider": "provider[\"registry.terraform.io/ciscodevnet/nxos\"].LFN102",
      "instances": [
        {
          "schema_version": 0,
          "attributes": {
            "address": "192.168.10.1/28",
            "device": null,
            "id": "sys/ipv4/inst/dom-[VRF-CUST01]/if-[vlan10]/addr-[192.168.10.1/28]",
            "interface_id": "vlan10",
            "tag": 0,
            "type": "primary",
            "vrf": "VRF-CUST01"
          },
          "sensitive_attributes": [],
          "private": "eyJpbXBvcnRpbmciOiJNQT09In0="
        }
      ]
    },
    {
      "mode": "managed",
      "type": "nxos_ipv4_interface_address",
      "name": "INTF-SPN201-Lo0-IPV4-ADDR",
      "provider": "provider[\"registry.terraform.io/ciscodevnet/nxos\"].SPN201",
      "instances": [
        {
          "schema_version": 0,
          "attributes": {
            "address": "192.168.0.201",
            "device": null,
            "id": "sys/ipv4/inst/dom-[default]/if-[lo0]/addr-[192.168.0.201]",
            "interface_id": "lo0",
            "tag": 0,
            "type": "primary",
            "vrf": "default"
          },
          "sensitive_attributes": [],
          "private": "eyJpbXBvcnRpbmciOiJNQT09In0=",
          "dependencies": [
            "nxos_ipv4_interface.INTF-SPN201-Lo0-IPV4",
            "nxos_loopback_interface.INTF-SPN201-Lo0"
          ]
        }
      ]
    },
    {
      "mode": "managed",
      "type": "nxos_ipv4_interface_address",
      "name": "INTF-SPN201-Lo10-IPV4-ADDR",
      "provider": "provider[\"registry.terraform.io/ciscodevnet/nxos\"].SPN201",
      "instances": [
        {
          "schema_version": 0,
          "attributes": {
            "address": "192.168.10.201",
            "device": null,
            "id": "sys/ipv4/inst/dom-[default]/if-[lo10]/addr-[192.168.10.201]",
            "interface_id": "lo10",
            "tag": 0,
            "type": "primary",
            "vrf": "default"
          },
          "sensitive_attributes": [],
          "private": "eyJpbXBvcnRpbmciOiJNQT09In0=",
          "dependencies": [
            "nxos_ipv4_interface.INTF-SPN201-Lo10-IPV4",
            "nxos_loopback_interface.INTF-SPN201-Lo10"
          ]
        }
      ]
    },
    {
      "mode": "managed",
      "type": "nxos_ipv4_interface_address",
      "name": "INTF-SPN201-Lo100-IPV4-ADDR",
      "provider": "provider[\"registry.terraform.io/ciscodevnet/nxos\"].SPN201",
      "instances": [
        {
          "schema_version": 0,
          "attributes": {
            "address": "192.168.100.201",
            "device": null,
            "id": "sys/ipv4/inst/dom-[default]/if-[lo100]/addr-[192.168.100.201]",
            "interface_id": "lo100",
            "tag": 0,
            "type": "primary",
            "vrf": "default"
          },
          "sensitive_attributes": [],
          "private": "eyJpbXBvcnRpbmciOiJNQT09In0=",
          "dependencies": [
            "nxos_ipv4_interface.INTF-SPN201-Lo100-IPV4",
            "nxos_loopback_interface.INTF-SPN201-Lo100"
          ]
        }
      ]
    },
    {
      "mode": "managed",
      "type": "nxos_ipv4_interface_address",
      "name": "INTF-SPN201-Lo238-IPV4-ADDR",
      "provider": "provider[\"registry.terraform.io/ciscodevnet/nxos\"].SPN201",
      "instances": [
        {
          "schema_version": 0,
          "attributes": {
            "address": "192.168.238.201/24",
            "device": null,
            "id": "sys/ipv4/inst/dom-[default]/if-[lo238]/addr-[192.168.238.201/24]",
            "interface_id": "lo238",
            "tag": 0,
            "type": "primary",
            "vrf": "default"
          },
          "sensitive_attributes": [],
          "private": "eyJpbXBvcnRpbmciOiJNQT09In0=",
          "dependencies": [
            "nxos_ipv4_interface.INTF-SPN201-Lo238-IPV4",
            "nxos_loopback_interface.INTF-SPN201-Lo238"
          ]
        }
      ]
    },
    {
      "mode": "managed",
      "type": "nxos_ipv4_vrf",
      "name": "LFN101-IPVRF",
      "provider": "provider[\"registry.terraform.io/ciscodevnet/nxos\"].LFN101",
      "instances": [
        {
          "schema_version": 0,
          "attributes": {
            "device": null,
            "id": "sys/ipv4/inst/dom-[default]",
            "name": "default"
          },
          "sensitive_attributes": [],
          "private": "eyJpbXBvcnRpbmciOiJNQT09In0="
        }
      ]
    },
    {
      "mode": "managed",
      "type": "nxos_ipv4_vrf",
      "name": "LFN102-IPVRF",
      "provider": "provider[\"registry.terraform.io/ciscodevnet/nxos\"].LFN102",
      "instances": [
        {
          "schema_version": 0,
          "attributes": {
            "device": null,
            "id": "sys/ipv4/inst/dom-[default]",
            "name": "default"
          },
          "sensitive_attributes": [],
          "private": "eyJpbXBvcnRpbmciOiJNQT09In0="
        }
      ]
    },
    {
      "mode": "managed",
      "type": "nxos_ipv4_vrf",
      "name": "SPN201-IPVRF",
      "provider": "provider[\"registry.terraform.io/ciscodevnet/nxos\"].SPN201",
      "instances": [
        {
          "schema_version": 0,
          "attributes": {
            "device": null,
            "id": "sys/ipv4/inst/dom-[default]",
            "name": "default"
          },
          "sensitive_attributes": [],
          "private": "eyJpbXBvcnRpbmciOiJNQT09In0="
        }
      ]
    },
    {
      "mode": "managed",
      "type": "nxos_loopback_interface",
      "name": "INTF-LFN101-Lo0",
      "provider": "provider[\"registry.terraform.io/ciscodevnet/nxos\"].LFN101",
      "instances": [
        {
          "schema_version": 0,
          "attributes": {
            "admin_state": "up",
            "description": "*** Underlay Lo0 ***",
            "device": null,
            "id": "sys/intf/lb-[lo0]",
            "interface_id": "lo0"
          },
          "sensitive_attributes": [],
          "private": "eyJpbXBvcnRpbmciOiJNQT09In0="
        }
      ]
    },
    {
      "mode": "managed",
      "type": "nxos_loopback_interface",
      "name": "INTF-LFN101-Lo10",
      "provider": "provider[\"registry.terraform.io/ciscodevnet/nxos\"].LFN101",
      "instances": [
        {
          "schema_version": 0,
          "attributes": {
            "admin_state": "up",
            "description": "***  VTEP/NVE Lo10 ***",
            "device": null,
            "id": "sys/intf/lb-[lo10]",
            "interface_id": "lo10"
          },
          "sensitive_attributes": [],
          "private": "eyJpbXBvcnRpbmciOiJNQT09In0="
        }
      ]
    },
    {
      "mode": "managed",
      "type": "nxos_loopback_interface",
      "name": "INTF-LFN101-Lo100",
      "provider": "provider[\"registry.terraform.io/ciscodevnet/nxos\"].LFN101",
      "instances": [
        {
          "schema_version": 0,
          "attributes": {
            "admin_state": "up",
            "description": "***  BGP Lo100 ***",
            "device": null,
            "id": "sys/intf/lb-[lo100]",
            "interface_id": "lo100"
          },
          "sensitive_attributes": [],
          "private": "eyJpbXBvcnRpbmciOiJNQT09In0="
        }
      ]
    },
    {
      "mode": "managed",
      "type": "nxos_loopback_interface",
      "name": "INTF-LFN102-Lo0",
      "provider": "provider[\"registry.terraform.io/ciscodevnet/nxos\"].LFN102",
      "instances": [
        {
          "schema_version": 0,
          "attributes": {
            "admin_state": "up",
            "description": "*** Underlay Lo0 ***",
            "device": null,
            "id": "sys/intf/lb-[lo0]",
            "interface_id": "lo0"
          },
          "sensitive_attributes": [],
          "private": "eyJpbXBvcnRpbmciOiJNQT09In0="
        }
      ]
    },
    {
      "mode": "managed",
      "type": "nxos_loopback_interface",
      "name": "INTF-LFN102-Lo10",
      "provider": "provider[\"registry.terraform.io/ciscodevnet/nxos\"].LFN102",
      "instances": [
        {
          "schema_version": 0,
          "attributes": {
            "admin_state": "up",
            "description": "*** VTEP/NVE Lo10 ***",
            "device": null,
            "id": "sys/intf/lb-[lo10]",
            "interface_id": "lo10"
          },
          "sensitive_attributes": [],
          "private": "eyJpbXBvcnRpbmciOiJNQT09In0="
        }
      ]
    },
    {
      "mode": "managed",
      "type": "nxos_loopback_interface",
      "name": "INTF-LFN102-Lo100",
      "provider": "provider[\"registry.terraform.io/ciscodevnet/nxos\"].LFN102",
      "instances": [
        {
          "schema_version": 0,
          "attributes": {
            "admin_state": "up",
            "description": "*** BGP Lo100 ***",
            "device": null,
            "id": "sys/intf/lb-[lo100]",
            "interface_id": "lo100"
          },
          "sensitive_attributes": [],
          "private": "eyJpbXBvcnRpbmciOiJNQT09In0="
        }
      ]
    },
    {
      "mode": "managed",
      "type": "nxos_loopback_interface",
      "name": "INTF-SPN201-Lo0",
      "provider": "provider[\"registry.terraform.io/ciscodevnet/nxos\"].SPN201",
      "instances": [
        {
          "schema_version": 0,
          "attributes": {
            "admin_state": "up",
            "description": "*** Underlay Lo0 ***",
            "device": null,
            "id": "sys/intf/lb-[lo0]",
            "interface_id": "lo0"
          },
          "sensitive_attributes": [],
          "private": "eyJpbXBvcnRpbmciOiJNQT09In0="
        }
      ]
    },
    {
      "mode": "managed",
      "type": "nxos_loopback_interface",
      "name": "INTF-SPN201-Lo10",
      "provider": "provider[\"registry.terraform.io/ciscodevnet/nxos\"].SPN201",
      "instances": [
        {
          "schema_version": 0,
          "attributes": {
            "admin_state": "up",
            "description": "***  VTEP/NVE Lo10 ***",
            "device": null,
            "id": "sys/intf/lb-[lo10]",
            "interface_id": "lo10"
          },
          "sensitive_attributes": [],
          "private": "eyJpbXBvcnRpbmciOiJNQT09In0="
        }
      ]
    },
    {
      "mode": "managed",
      "type": "nxos_loopback_interface",
      "name": "INTF-SPN201-Lo100",
      "provider": "provider[\"registry.terraform.io/ciscodevnet/nxos\"].SPN201",
      "instances": [
        {
          "schema_version": 0,
          "attributes": {
            "admin_state": "up",
            "description": "***  BGP Lo100 ***",
            "device": null,
            "id": "sys/intf/lb-[lo100]",
            "interface_id": "lo100"
          },
          "sensitive_attributes": [],
          "private": "eyJpbXBvcnRpbmciOiJNQT09In0="
        }
      ]
    },
    {
      "mode": "managed",
      "type": "nxos_loopback_interface",
      "name": "INTF-SPN201-Lo238",
      "provider": "provider[\"registry.terraform.io/ciscodevnet/nxos\"].SPN201",
      "instances": [
        {
          "schema_version": 0,
          "attributes": {
            "admin_state": "up",
            "description": "***  Anycast RP - Local ***",
            "device": null,
            "id": "sys/intf/lb-[lo238]",
            "interface_id": "lo238"
          },
          "sensitive_attributes": [],
          "private": "eyJpbXBvcnRpbmciOiJNQT09In0="
        }
      ]
    },
    {
      "mode": "managed",
      "type": "nxos_nve_interface",
      "name": "LFN101-NVE-INTF",
      "provider": "provider[\"registry.terraform.io/ciscodevnet/nxos\"].LFN101",
      "instances": [
        {
          "schema_version": 0,
          "attributes": {
            "admin_state": "enabled",
            "advertise_virtual_mac": false,
            "device": null,
            "hold_down_time": 180,
            "host_reachability_protocol": "bgp",
            "id": "sys/eps/epId-[1]",
            "ingress_replication_protocol_bgp": false,
            "multicast_group_l2": "0.0.0.0",
            "multicast_group_l3": "0.0.0.0",
            "multisite_source_interface": "unspecified",
            "source_interface": "lo10",
            "suppress_arp": false,
            "suppress_mac_route": false
          },
          "sensitive_attributes": [],
          "private": "eyJpbXBvcnRpbmciOiJNQT09In0="
        }
      ]
    },
    {
      "mode": "managed",
      "type": "nxos_nve_interface",
      "name": "LFN102-NVE-INTF",
      "provider": "provider[\"registry.terraform.io/ciscodevnet/nxos\"].LFN102",
      "instances": [
        {
          "schema_version": 0,
          "attributes": {
            "admin_state": "enabled",
            "advertise_virtual_mac": false,
            "device": null,
            "hold_down_time": 180,
            "host_reachability_protocol": "bgp",
            "id": "sys/eps/epId-[1]",
            "ingress_replication_protocol_bgp": false,
            "multicast_group_l2": "0.0.0.0",
            "multicast_group_l3": "0.0.0.0",
            "multisite_source_interface": "unspecified",
            "source_interface": "lo10",
            "suppress_arp": false,
            "suppress_mac_route": false
          },
          "sensitive_attributes": [],
          "private": "eyJpbXBvcnRpbmciOiJNQT09In0="
        }
      ]
    },
    {
      "mode": "managed",
      "type": "nxos_nve_vni",
      "name": "LFN101-NVE-VNI10010",
      "provider": "provider[\"registry.terraform.io/ciscodevnet/nxos\"].LFN101",
      "instances": [
        {
          "schema_version": 0,
          "attributes": {
            "associate_vrf": false,
            "device": null,
            "id": "sys/eps/epId-[1]/nws/vni-[10010]",
            "multicast_group": "238.0.0.10",
            "multisite_ingress_replication": "disable",
            "suppress_arp": "off",
            "vni": 10010
          },
          "sensitive_attributes": [],
          "private": "eyJpbXBvcnRpbmciOiJNQT09In0="
        }
      ]
    },
    {
      "mode": "managed",
      "type": "nxos_nve_vni",
      "name": "LFN101-NVE-VNI10011",
      "provider": "provider[\"registry.terraform.io/ciscodevnet/nxos\"].LFN101",
      "instances": [
        {
          "schema_version": 0,
          "attributes": {
            "associate_vrf": true,
            "device": null,
            "id": "sys/eps/epId-[1]/nws/vni-[10011]",
            "multicast_group": "0.0.0.0",
            "multisite_ingress_replication": "disable",
            "suppress_arp": "off",
            "vni": 10011
          },
          "sensitive_attributes": [],
          "private": "eyJpbXBvcnRpbmciOiJNQT09In0="
        }
      ]
    },
    {
      "mode": "managed",
      "type": "nxos_nve_vni",
      "name": "LFN101-NVE-VNI10020",
      "provider": "provider[\"registry.terraform.io/ciscodevnet/nxos\"].LFN101",
      "instances": [
        {
          "schema_version": 0,
          "attributes": {
            "associate_vrf": false,
            "device": null,
            "id": "sys/eps/epId-[1]/nws/vni-[10020]",
            "multicast_group": "238.0.0.20",
            "multisite_ingress_replication": "disable",
            "suppress_arp": "off",
            "vni": 10020
          },
          "sensitive_attributes": [],
          "private": "eyJpbXBvcnRpbmciOiJNQT09In0="
        }
      ]
    },
    {
      "mode": "managed",
      "type": "nxos_nve_vni",
      "name": "LFN102-NVE-VNI10010",
      "provider": "provider[\"registry.terraform.io/ciscodevnet/nxos\"].LFN102",
      "instances": [
        {
          "schema_version": 0,
          "attributes": {
            "associate_vrf": false,
            "device": null,
            "id": "sys/eps/epId-[1]/nws/vni-[10010]",
            "multicast_group": "238.0.0.10",
            "multisite_ingress_replication": "disable",
            "suppress_arp": "off",
            "vni": 10010
          },
          "sensitive_attributes": [],
          "private": "eyJpbXBvcnRpbmciOiJNQT09In0=",
          "dependencies": [
            "nxos_nve_interface.LFN102-NVE-INTF",
            "nxos_nve_vni_container.LFN102-NVE-VNI-CONT"
          ]
        }
      ]
    },
    {
      "mode": "managed",
      "type": "nxos_nve_vni",
      "name": "LFN102-NVE-VNI10011",
      "provider": "provider[\"registry.terraform.io/ciscodevnet/nxos\"].LFN102",
      "instances": [
        {
          "schema_version": 0,
          "attributes": {
            "associate_vrf": true,
            "device": null,
            "id": "sys/eps/epId-[1]/nws/vni-[10011]",
            "multicast_group": "0.0.0.0",
            "multisite_ingress_replication": "disable",
            "suppress_arp": "off",
            "vni": 10011
          },
          "sensitive_attributes": [],
          "private": "eyJpbXBvcnRpbmciOiJNQT09In0="
        }
      ]
    },
    {
      "mode": "managed",
      "type": "nxos_nve_vni",
      "name": "LFN102-NVE-VNI10020",
      "provider": "provider[\"registry.terraform.io/ciscodevnet/nxos\"].LFN102",
      "instances": [
        {
          "schema_version": 0,
          "attributes": {
            "associate_vrf": false,
            "device": null,
            "id": "sys/eps/epId-[1]/nws/vni-[10020]",
            "multicast_group": "238.0.0.20",
            "multisite_ingress_replication": "disable",
            "suppress_arp": "off",
            "vni": 10020
          },
          "sensitive_attributes": [],
          "private": "eyJpbXBvcnRpbmciOiJNQT09In0=",
          "dependencies": [
            "nxos_nve_interface.LFN102-NVE-INTF",
            "nxos_nve_vni_container.LFN102-NVE-VNI-CONT"
          ]
        }
      ]
    },
    {
      "mode": "managed",
      "type": "nxos_nve_vni_container",
      "name": "LFN101-NVE-VNI-CONT",
      "provider": "provider[\"registry.terraform.io/ciscodevnet/nxos\"].LFN101",
      "instances": [
        {
          "schema_version": 0,
          "attributes": {
            "device": null,
            "id": "sys/eps/epId-[1]/nws"
          },
          "sensitive_attributes": [],
          "private": "eyJpbXBvcnRpbmciOiJNQT09In0=",
          "dependencies": [
            "nxos_nve_interface.LFN101-NVE-INTF"
          ]
        }
      ]
    },
    {
      "mode": "managed",
      "type": "nxos_nve_vni_container",
      "name": "LFN102-NVE-VNI-CONT",
      "provider": "provider[\"registry.terraform.io/ciscodevnet/nxos\"].LFN102",
      "instances": [
        {
          "schema_version": 0,
          "attributes": {
            "device": null,
            "id": "sys/eps/epId-[1]/nws"
          },
          "sensitive_attributes": [],
          "private": "eyJpbXBvcnRpbmciOiJNQT09In0=",
          "dependencies": [
            "nxos_nve_interface.LFN102-NVE-INTF"
          ]
        }
      ]
    },
    {
      "mode": "managed",
      "type": "nxos_ospf_interface",
      "name": "LFN101-ospf-Eth1-1",
      "provider": "provider[\"registry.terraform.io/ciscodevnet/nxos\"].LFN101",
      "instances": [
        {
          "schema_version": 0,
          "attributes": {
            "advertise_secondaries": true,
            "area": "0.0.0.0",
            "bfd": "unspecified",
            "cost": 0,
            "dead_interval": 0,
            "device": null,
            "hello_interval": 10,
            "id": "sys/ospf/inst-[underlay]/dom-[default]/if-[eth1/1]",
            "instance_name": "underlay",
            "interface_id": "eth1/1",
            "network_type": "p2p",
            "passive": "unspecified",
            "priority": 1,
            "vrf_name": "default"
          },
          "sensitive_attributes": [],
          "private": "eyJpbXBvcnRpbmciOiJNQT09In0=",
          "dependencies": [
            "nxos_ospf_vrf.LFN101-ospf-vrf"
          ]
        }
      ]
    },
    {
      "mode": "managed",
      "type": "nxos_ospf_interface",
      "name": "LFN101-ospf-Lo0",
      "provider": "provider[\"registry.terraform.io/ciscodevnet/nxos\"].LFN101",
      "instances": [
        {
          "schema_version": 0,
          "attributes": {
            "advertise_secondaries": true,
            "area": "0.0.0.0",
            "bfd": "unspecified",
            "cost": 0,
            "dead_interval": 0,
            "device": null,
            "hello_interval": 10,
            "id": "sys/ospf/inst-[underlay]/dom-[default]/if-[lo0]",
            "instance_name": "underlay",
            "interface_id": "lo0",
            "network_type": "p2p",
            "passive": "unspecified",
            "priority": 1,
            "vrf_name": "default"
          },
          "sensitive_attributes": [],
          "private": "eyJpbXBvcnRpbmciOiJNQT09In0=",
          "dependencies": [
            "nxos_ospf_vrf.LFN101-ospf-vrf"
          ]
        }
      ]
    },
    {
      "mode": "managed",
      "type": "nxos_ospf_interface",
      "name": "LFN101-ospf-Lo10",
      "provider": "provider[\"registry.terraform.io/ciscodevnet/nxos\"].LFN101",
      "instances": [
        {
          "schema_version": 0,
          "attributes": {
            "advertise_secondaries": true,
            "area": "0.0.0.0",
            "bfd": "unspecified",
            "cost": 0,
            "dead_interval": 0,
            "device": null,
            "hello_interval": 10,
            "id": "sys/ospf/inst-[underlay]/dom-[default]/if-[lo10]",
            "instance_name": "underlay",
            "interface_id": "lo10",
            "network_type": "p2p",
            "passive": "unspecified",
            "priority": 1,
            "vrf_name": "default"
          },
          "sensitive_attributes": [],
          "private": "eyJpbXBvcnRpbmciOiJNQT09In0=",
          "dependencies": [
            "nxos_ospf_vrf.LFN101-ospf-vrf"
          ]
        }
      ]
    },
    {
      "mode": "managed",
      "type": "nxos_ospf_interface",
      "name": "LFN101-ospf-Lo100",
      "provider": "provider[\"registry.terraform.io/ciscodevnet/nxos\"].LFN101",
      "instances": [
        {
          "schema_version": 0,
          "attributes": {
            "advertise_secondaries": true,
            "area": "0.0.0.0",
            "bfd": "unspecified",
            "cost": 0,
            "dead_interval": 0,
            "device": null,
            "hello_interval": 10,
            "id": "sys/ospf/inst-[underlay]/dom-[default]/if-[lo100]",
            "instance_name": "underlay",
            "interface_id": "lo100",
            "network_type": "p2p",
            "passive": "unspecified",
            "priority": 1,
            "vrf_name": "default"
          },
          "sensitive_attributes": [],
          "private": "eyJpbXBvcnRpbmciOiJNQT09In0=",
          "dependencies": [
            "nxos_ospf_vrf.LFN101-ospf-vrf"
          ]
        }
      ]
    },
    {
      "mode": "managed",
      "type": "nxos_ospf_interface",
      "name": "LFN102-ospf-Eth1-1",
      "provider": "provider[\"registry.terraform.io/ciscodevnet/nxos\"].LFN102",
      "instances": [
        {
          "schema_version": 0,
          "attributes": {
            "advertise_secondaries": true,
            "area": "0.0.0.0",
            "bfd": "unspecified",
            "cost": 0,
            "dead_interval": 0,
            "device": null,
            "hello_interval": 10,
            "id": "sys/ospf/inst-[underlay]/dom-[default]/if-[eth1/1]",
            "instance_name": "underlay",
            "interface_id": "eth1/1",
            "network_type": "p2p",
            "passive": "unspecified",
            "priority": 1,
            "vrf_name": "default"
          },
          "sensitive_attributes": [],
          "private": "eyJpbXBvcnRpbmciOiJNQT09In0=",
          "dependencies": [
            "nxos_ospf_vrf.LFN101-ospf-vrf"
          ]
        }
      ]
    },
    {
      "mode": "managed",
      "type": "nxos_ospf_interface",
      "name": "LFN102-ospf-Eth1-2",
      "provider": "provider[\"registry.terraform.io/ciscodevnet/nxos\"].LFN102",
      "instances": [
        {
          "schema_version": 0,
          "attributes": {
            "advertise_secondaries": true,
            "area": "0.0.0.0",
            "bfd": "unspecified",
            "cost": 0,
            "dead_interval": 0,
            "device": null,
            "hello_interval": 10,
            "id": "sys/ospf/inst-[underlay]/dom-[default]/if-[eth1/2]",
            "instance_name": "underlay",
            "interface_id": "eth1/2",
            "network_type": "p2p",
            "passive": "unspecified",
            "priority": 1,
            "vrf_name": "default"
          },
          "sensitive_attributes": [],
          "private": "eyJpbXBvcnRpbmciOiJNQT09In0=",
          "dependencies": [
            "nxos_ospf_vrf.LFN102-ospf-vrf"
          ]
        }
      ]
    },
    {
      "mode": "managed",
      "type": "nxos_ospf_interface",
      "name": "LFN102-ospf-Lo0",
      "provider": "provider[\"registry.terraform.io/ciscodevnet/nxos\"].LFN102",
      "instances": [
        {
          "schema_version": 0,
          "attributes": {
            "advertise_secondaries": true,
            "area": "0.0.0.0",
            "bfd": "unspecified",
            "cost": 0,
            "dead_interval": 0,
            "device": null,
            "hello_interval": 10,
            "id": "sys/ospf/inst-[underlay]/dom-[default]/if-[lo0]",
            "instance_name": "underlay",
            "interface_id": "lo0",
            "network_type": "p2p",
            "passive": "unspecified",
            "priority": 1,
            "vrf_name": "default"
          },
          "sensitive_attributes": [],
          "private": "eyJpbXBvcnRpbmciOiJNQT09In0=",
          "dependencies": [
            "nxos_ospf_vrf.LFN102-ospf-vrf"
          ]
        }
      ]
    },
    {
      "mode": "managed",
      "type": "nxos_ospf_interface",
      "name": "LFN102-ospf-Lo10",
      "provider": "provider[\"registry.terraform.io/ciscodevnet/nxos\"].LFN102",
      "instances": [
        {
          "schema_version": 0,
          "attributes": {
            "advertise_secondaries": true,
            "area": "0.0.0.0",
            "bfd": "unspecified",
            "cost": 0,
            "dead_interval": 0,
            "device": null,
            "hello_interval": 10,
            "id": "sys/ospf/inst-[underlay]/dom-[default]/if-[lo10]",
            "instance_name": "underlay",
            "interface_id": "lo10",
            "network_type": "p2p",
            "passive": "unspecified",
            "priority": 1,
            "vrf_name": "default"
          },
          "sensitive_attributes": [],
          "private": "eyJpbXBvcnRpbmciOiJNQT09In0=",
          "dependencies": [
            "nxos_ospf_vrf.LFN102-ospf-vrf"
          ]
        }
      ]
    },
    {
      "mode": "managed",
      "type": "nxos_ospf_interface",
      "name": "LFN102-ospf-Lo100",
      "provider": "provider[\"registry.terraform.io/ciscodevnet/nxos\"].LFN102",
      "instances": [
        {
          "schema_version": 0,
          "attributes": {
            "advertise_secondaries": true,
            "area": "0.0.0.0",
            "bfd": "unspecified",
            "cost": 0,
            "dead_interval": 0,
            "device": null,
            "hello_interval": 10,
            "id": "sys/ospf/inst-[underlay]/dom-[default]/if-[lo100]",
            "instance_name": "underlay",
            "interface_id": "lo100",
            "network_type": "p2p",
            "passive": "unspecified",
            "priority": 1,
            "vrf_name": "default"
          },
          "sensitive_attributes": [],
          "private": "eyJpbXBvcnRpbmciOiJNQT09In0=",
          "dependencies": [
            "nxos_ospf_vrf.LFN102-ospf-vrf"
          ]
        }
      ]
    },
    {
      "mode": "managed",
      "type": "nxos_ospf_interface",
      "name": "SPN201-ospf-Eth1-1",
      "provider": "provider[\"registry.terraform.io/ciscodevnet/nxos\"].SPN201",
      "instances": [
        {
          "schema_version": 0,
          "attributes": {
            "advertise_secondaries": true,
            "area": "0.0.0.0",
            "bfd": "unspecified",
            "cost": 0,
            "dead_interval": 0,
            "device": null,
            "hello_interval": 10,
            "id": "sys/ospf/inst-[underlay]/dom-[default]/if-[eth1/1]",
            "instance_name": "underlay",
            "interface_id": "eth1/1",
            "network_type": "p2p",
            "passive": "unspecified",
            "priority": 1,
            "vrf_name": "default"
          },
          "sensitive_attributes": [],
          "private": "eyJpbXBvcnRpbmciOiJNQT09In0=",
          "dependencies": [
            "nxos_ospf_vrf.SPN201-ospf-vrf"
          ]
        }
      ]
    },
    {
      "mode": "managed",
      "type": "nxos_ospf_interface",
      "name": "SPN201-ospf-Eth1-2",
      "provider": "provider[\"registry.terraform.io/ciscodevnet/nxos\"].SPN201",
      "instances": [
        {
          "schema_version": 0,
          "attributes": {
            "advertise_secondaries": true,
            "area": "0.0.0.0",
            "bfd": "unspecified",
            "cost": 0,
            "dead_interval": 0,
            "device": null,
            "hello_interval": 10,
            "id": "sys/ospf/inst-[underlay]/dom-[default]/if-[eth1/2]",
            "instance_name": "underlay",
            "interface_id": "eth1/2",
            "network_type": "p2p",
            "passive": "unspecified",
            "priority": 1,
            "vrf_name": "default"
          },
          "sensitive_attributes": [],
          "private": "eyJpbXBvcnRpbmciOiJNQT09In0=",
          "dependencies": [
            "nxos_ospf_vrf.SPN201-ospf-vrf"
          ]
        }
      ]
    },
    {
      "mode": "managed",
      "type": "nxos_ospf_interface",
      "name": "SPN201-ospf-Lo0",
      "provider": "provider[\"registry.terraform.io/ciscodevnet/nxos\"].SPN201",
      "instances": [
        {
          "schema_version": 0,
          "attributes": {
            "advertise_secondaries": true,
            "area": "0.0.0.0",
            "bfd": "unspecified",
            "cost": 0,
            "dead_interval": 0,
            "device": null,
            "hello_interval": 10,
            "id": "sys/ospf/inst-[underlay]/dom-[default]/if-[lo0]",
            "instance_name": "underlay",
            "interface_id": "lo0",
            "network_type": "p2p",
            "passive": "unspecified",
            "priority": 1,
            "vrf_name": "default"
          },
          "sensitive_attributes": [],
          "private": "eyJpbXBvcnRpbmciOiJNQT09In0=",
          "dependencies": [
            "nxos_ospf_vrf.SPN201-ospf-vrf"
          ]
        }
      ]
    },
    {
      "mode": "managed",
      "type": "nxos_ospf_interface",
      "name": "SPN201-ospf-Lo10",
      "provider": "provider[\"registry.terraform.io/ciscodevnet/nxos\"].SPN201",
      "instances": [
        {
          "schema_version": 0,
          "attributes": {
            "advertise_secondaries": true,
            "area": "0.0.0.0",
            "bfd": "unspecified",
            "cost": 0,
            "dead_interval": 0,
            "device": null,
            "hello_interval": 10,
            "id": "sys/ospf/inst-[underlay]/dom-[default]/if-[lo10]",
            "instance_name": "underlay",
            "interface_id": "lo10",
            "network_type": "p2p",
            "passive": "unspecified",
            "priority": 1,
            "vrf_name": "default"
          },
          "sensitive_attributes": [],
          "private": "eyJpbXBvcnRpbmciOiJNQT09In0=",
          "dependencies": [
            "nxos_ospf_vrf.SPN201-ospf-vrf"
          ]
        }
      ]
    },
    {
      "mode": "managed",
      "type": "nxos_ospf_interface",
      "name": "SPN201-ospf-Lo100",
      "provider": "provider[\"registry.terraform.io/ciscodevnet/nxos\"].SPN201",
      "instances": [
        {
          "schema_version": 0,
          "attributes": {
            "advertise_secondaries": true,
            "area": "0.0.0.0",
            "bfd": "unspecified",
            "cost": 0,
            "dead_interval": 0,
            "device": null,
            "hello_interval": 10,
            "id": "sys/ospf/inst-[underlay]/dom-[default]/if-[lo100]",
            "instance_name": "underlay",
            "interface_id": "lo100",
            "network_type": "p2p",
            "passive": "unspecified",
            "priority": 1,
            "vrf_name": "default"
          },
          "sensitive_attributes": [],
          "private": "eyJpbXBvcnRpbmciOiJNQT09In0=",
          "dependencies": [
            "nxos_ospf_vrf.SPN201-ospf-vrf"
          ]
        }
      ]
    },
    {
      "mode": "managed",
      "type": "nxos_ospf_interface",
      "name": "SPN201-ospf-Lo238",
      "provider": "provider[\"registry.terraform.io/ciscodevnet/nxos\"].SPN201",
      "instances": [
        {
          "schema_version": 0,
          "attributes": {
            "advertise_secondaries": true,
            "area": "0.0.0.0",
            "bfd": "unspecified",
            "cost": 0,
            "dead_interval": 0,
            "device": null,
            "hello_interval": 10,
            "id": "sys/ospf/inst-[underlay]/dom-[default]/if-[lo238]",
            "instance_name": "underlay",
            "interface_id": "lo238",
            "network_type": "p2p",
            "passive": "unspecified",
            "priority": 1,
            "vrf_name": "default"
          },
          "sensitive_attributes": [],
          "private": "eyJpbXBvcnRpbmciOiJNQT09In0=",
          "dependencies": [
            "nxos_ospf_vrf.SPN201-ospf-vrf"
          ]
        }
      ]
    },
    {
      "mode": "managed",
      "type": "nxos_ospf_vrf",
      "name": "LFN101-ospf-vrf",
      "provider": "provider[\"registry.terraform.io/ciscodevnet/nxos\"].LFN101",
      "instances": [
        {
          "schema_version": 0,
          "attributes": {
            "admin_state": "enabled",
            "bandwidth_reference": 40000,
            "bandwidth_reference_unit": "mbps",
            "control": null,
            "device": null,
            "distance": 110,
            "id": "sys/ospf/inst-[underlay]/dom-[default]",
            "instance_name": "underlay",
            "name": "default",
            "router_id": "192.168.0.101"
          },
          "sensitive_attributes": [],
          "private": "eyJpbXBvcnRpbmciOiJNQT09In0="
        }
      ]
    },
    {
      "mode": "managed",
      "type": "nxos_ospf_vrf",
      "name": "LFN102-ospf-vrf",
      "provider": "provider[\"registry.terraform.io/ciscodevnet/nxos\"].LFN102",
      "instances": [
        {
          "schema_version": 0,
          "attributes": {
            "admin_state": "enabled",
            "bandwidth_reference": 40000,
            "bandwidth_reference_unit": "mbps",
            "control": null,
            "device": null,
            "distance": 110,
            "id": "sys/ospf/inst-[underlay]/dom-[default]",
            "instance_name": "underlay",
            "name": "default",
            "router_id": "192.168.0.102"
          },
          "sensitive_attributes": [],
          "private": "eyJpbXBvcnRpbmciOiJNQT09In0="
        }
      ]
    },
    {
      "mode": "managed",
      "type": "nxos_ospf_vrf",
      "name": "SPN201-ospf-vrf",
      "provider": "provider[\"registry.terraform.io/ciscodevnet/nxos\"].SPN201",
      "instances": [
        {
          "schema_version": 0,
          "attributes": {
            "admin_state": "enabled",
            "bandwidth_reference": 40000,
            "bandwidth_reference_unit": "mbps",
            "control": null,
            "device": null,
            "distance": 110,
            "id": "sys/ospf/inst-[underlay]/dom-[default]",
            "instance_name": "underlay",
            "name": "default",
            "router_id": "192.168.0.201"
          },
          "sensitive_attributes": [],
          "private": "eyJpbXBvcnRpbmciOiJNQT09In0="
        }
      ]
    },
    {
      "mode": "managed",
      "type": "nxos_physical_interface",
      "name": "INTF-LFN101-Eth1-1",
      "provider": "provider[\"registry.terraform.io/ciscodevnet/nxos\"].LFN101",
      "instances": [
        {
          "schema_version": 0,
          "attributes": {
            "access_vlan": "vlan-1",
            "admin_state": "up",
            "auto_negotiation": "on",
            "bandwidth": 0,
            "delay": 1,
            "description": "*** LFN101 Eth1/1 - SPN201 Eth1/1",
            "device": null,
            "duplex": "auto",
            "fec_mode": "auto",
            "id": "sys/intf/phys-[eth1/1]",
            "interface_id": "eth1/1",
            "layer": "Layer3",
            "link_debounce_down": 100,
            "link_debounce_up": 0,
            "link_logging": "default",
            "medium": "p2p",
            "mode": "access",
            "mtu": 1500,
            "native_vlan": "vlan-1",
            "speed": "auto",
            "speed_group": "auto",
            "trunk_vlans": "1-4094",
            "uni_directional_ethernet": "disable",
            "user_configured_flags": null
          },
          "sensitive_attributes": [],
          "private": "eyJpbXBvcnRpbmciOiJNQT09In0="
        }
      ]
    },
    {
      "mode": "managed",
      "type": "nxos_physical_interface",
      "name": "INTF-LFN101-Eth1-2",
      "provider": "provider[\"registry.terraform.io/ciscodevnet/nxos\"].LFN101",
      "instances": [
        {
          "schema_version": 0,
          "attributes": {
            "access_vlan": "vlan-10",
            "admin_state": "up",
            "auto_negotiation": "on",
            "bandwidth": 0,
            "delay": 1,
            "description": "*** LFN101 Eth1/2 - WVM001",
            "device": null,
            "duplex": "auto",
            "fec_mode": "auto",
            "id": "sys/intf/phys-[eth1/2]",
            "interface_id": "eth1/2",
            "layer": "Layer2",
            "link_debounce_down": 100,
            "link_debounce_up": 0,
            "link_logging": "default",
            "medium": "broadcast",
            "mode": "access",
            "mtu": 1500,
            "native_vlan": "vlan-1",
            "speed": "auto",
            "speed_group": "auto",
            "trunk_vlans": "1-4094",
            "uni_directional_ethernet": "disable",
            "user_configured_flags": null
          },
          "sensitive_attributes": [],
          "private": "eyJpbXBvcnRpbmciOiJNQT09In0="
        }
      ]
    },
    {
      "mode": "managed",
      "type": "nxos_physical_interface",
      "name": "INTF-LFN102-Eth1-1",
      "provider": "provider[\"registry.terraform.io/ciscodevnet/nxos\"].LFN102",
      "instances": [
        {
          "schema_version": 0,
          "attributes": {
            "access_vlan": "vlan-1",
            "admin_state": "up",
            "auto_negotiation": "on",
            "bandwidth": 0,
            "delay": 1,
            "description": "*** LFN102 Eth1/1 - SPN201 Eth1/2",
            "device": null,
            "duplex": "auto",
            "fec_mode": "auto",
            "id": "sys/intf/phys-[eth1/1]",
            "interface_id": "eth1/1",
            "layer": "Layer3",
            "link_debounce_down": 100,
            "link_debounce_up": 0,
            "link_logging": "default",
            "medium": "p2p",
            "mode": "access",
            "mtu": 1500,
            "native_vlan": "vlan-1",
            "speed": "auto",
            "speed_group": "auto",
            "trunk_vlans": "1-4094",
            "uni_directional_ethernet": "disable",
            "user_configured_flags": null
          },
          "sensitive_attributes": [],
          "private": "eyJpbXBvcnRpbmciOiJNQT09In0="
        }
      ]
    },
    {
      "mode": "managed",
      "type": "nxos_physical_interface",
      "name": "INTF-LFN102-Eth1-2",
      "provider": "provider[\"registry.terraform.io/ciscodevnet/nxos\"].LFN102",
      "instances": [
        {
          "schema_version": 0,
          "attributes": {
            "access_vlan": "vlan-1",
            "admin_state": "up",
            "auto_negotiation": "on",
            "bandwidth": 0,
            "delay": 1,
            "description": "*** LFN101 Eth1/2 - SPN202 Eth1/2",
            "device": null,
            "duplex": "auto",
            "fec_mode": "auto",
            "id": "sys/intf/phys-[eth1/2]",
            "interface_id": "eth1/2",
            "layer": "Layer3",
            "link_debounce_down": 100,
            "link_debounce_up": 0,
            "link_logging": "default",
            "medium": "p2p",
            "mode": "access",
            "mtu": 1500,
            "native_vlan": "vlan-1",
            "speed": "auto",
            "speed_group": "auto",
            "trunk_vlans": "1-4094",
            "uni_directional_ethernet": "disable",
            "user_configured_flags": null
          },
          "sensitive_attributes": [],
          "private": "eyJpbXBvcnRpbmciOiJNQT09In0="
        }
      ]
    },
    {
      "mode": "managed",
      "type": "nxos_physical_interface",
      "name": "INTF-LFN102-Eth1-3",
      "provider": "provider[\"registry.terraform.io/ciscodevnet/nxos\"].LFN102",
      "instances": [
        {
          "schema_version": 0,
          "attributes": {
            "access_vlan": "vlan-10",
            "admin_state": "up",
            "auto_negotiation": "on",
            "bandwidth": 0,
            "delay": 1,
            "description": "*** LFN101 Eth1/3 - LVM001",
            "device": null,
            "duplex": "auto",
            "fec_mode": "auto",
            "id": "sys/intf/phys-[eth1/3]",
            "interface_id": "eth1/3",
            "layer": "Layer2",
            "link_debounce_down": 100,
            "link_debounce_up": 0,
            "link_logging": "default",
            "medium": "broadcast",
            "mode": "access",
            "mtu": 1500,
            "native_vlan": "vlan-1",
            "speed": "auto",
            "speed_group": "auto",
            "trunk_vlans": "1-4094",
            "uni_directional_ethernet": "disable",
            "user_configured_flags": null
          },
          "sensitive_attributes": [],
          "private": "eyJpbXBvcnRpbmciOiJNQT09In0="
        }
      ]
    },
    {
      "mode": "managed",
      "type": "nxos_physical_interface",
      "name": "INTF-SPN201-Eth1-1",
      "provider": "provider[\"registry.terraform.io/ciscodevnet/nxos\"].SPN201",
      "instances": [
        {
          "schema_version": 0,
          "attributes": {
            "access_vlan": "vlan-1",
            "admin_state": "up",
            "auto_negotiation": "on",
            "bandwidth": 0,
            "delay": 1,
            "description": "*** SPN201 Eth1/1 - LFN101 Eth1/1",
            "device": null,
            "duplex": "auto",
            "fec_mode": "auto",
            "id": "sys/intf/phys-[eth1/1]",
            "interface_id": "eth1/1",
            "layer": "Layer3",
            "link_debounce_down": 100,
            "link_debounce_up": 0,
            "link_logging": "default",
            "medium": "p2p",
            "mode": "access",
            "mtu": 1500,
            "native_vlan": "vlan-1",
            "speed": "auto",
            "speed_group": "auto",
            "trunk_vlans": "1-4094",
            "uni_directional_ethernet": "disable",
            "user_configured_flags": null
          },
          "sensitive_attributes": [],
          "private": "eyJpbXBvcnRpbmciOiJNQT09In0="
        }
      ]
    },
    {
      "mode": "managed",
      "type": "nxos_physical_interface",
      "name": "INTF-SPN201-Eth1-2",
      "provider": "provider[\"registry.terraform.io/ciscodevnet/nxos\"].SPN201",
      "instances": [
        {
          "schema_version": 0,
          "attributes": {
            "access_vlan": "vlan-1",
            "admin_state": "up",
            "auto_negotiation": "on",
            "bandwidth": 0,
            "delay": 1,
            "description": "*** SPN201 Eth1/2 - LFN102 Eth1/1",
            "device": null,
            "duplex": "auto",
            "fec_mode": "auto",
            "id": "sys/intf/phys-[eth1/2]",
            "interface_id": "eth1/2",
            "layer": "Layer3",
            "link_debounce_down": 100,
            "link_debounce_up": 0,
            "link_logging": "default",
            "medium": "p2p",
            "mode": "access",
            "mtu": 1500,
            "native_vlan": "vlan-1",
            "speed": "auto",
            "speed_group": "auto",
            "trunk_vlans": "1-4094",
            "uni_directional_ethernet": "disable",
            "user_configured_flags": null
          },
          "sensitive_attributes": [],
          "private": "eyJpbXBvcnRpbmciOiJNQT09In0="
        }
      ]
    },
    {
      "mode": "managed",
      "type": "nxos_pim_anycast_rp",
      "name": "SPN201-PIM-ACAST-RP",
      "provider": "provider[\"registry.terraform.io/ciscodevnet/nxos\"].SPN201",
      "instances": [
        {
          "schema_version": 0,
          "attributes": {
            "device": null,
            "id": "sys/pim/inst/dom-[default]/acastrpfunc",
            "local_interface": "loopback238",
            "source_interface": "loopback238",
            "vrf_name": "default"
          },
          "sensitive_attributes": [],
          "private": "eyJpbXBvcnRpbmciOiJNQT09In0="
        }
      ]
    },
    {
      "mode": "managed",
      "type": "nxos_pim_anycast_rp_peer",
      "name": "SPN201-PIM-ACAST-RPPeer1",
      "provider": "provider[\"registry.terraform.io/ciscodevnet/nxos\"].SPN201",
      "instances": [
        {
          "schema_version": 0,
          "attributes": {
            "address": "192.168.238.238/32",
            "device": null,
            "id": "sys/pim/inst/dom-[default]/acastrpfunc/peer-[192.168.238.238/32]-peer-[192.168.238.201/32]",
            "rp_set_address": "192.168.238.201/32",
            "vrf_name": "default"
          },
          "sensitive_attributes": [],
          "private": "eyJpbXBvcnRpbmciOiJNQT09In0=",
          "dependencies": [
            "nxos_pim_anycast_rp.SPN201-PIM-ACAST-RP"
          ]
        }
      ]
    },
    {
      "mode": "managed",
      "type": "nxos_pim_anycast_rp_peer",
      "name": "SPN201-PIM-ACAST-RPPeer2",
      "provider": "provider[\"registry.terraform.io/ciscodevnet/nxos\"].SPN201",
      "instances": [
        {
          "schema_version": 0,
          "attributes": {
            "address": "192.168.238.238/32",
            "device": null,
            "id": "sys/pim/inst/dom-[default]/acastrpfunc/peer-[192.168.238.238/32]-peer-[192.168.238.202/32]",
            "rp_set_address": "192.168.238.202/32",
            "vrf_name": "default"
          },
          "sensitive_attributes": [],
          "private": "eyJpbXBvcnRpbmciOiJNQT09In0=",
          "dependencies": [
            "nxos_pim_anycast_rp.SPN201-PIM-ACAST-RP"
          ]
        }
      ]
    },
    {
      "mode": "managed",
      "type": "nxos_pim_interface",
      "name": "LFN101-PIM-Eth1-1",
      "provider": "provider[\"registry.terraform.io/ciscodevnet/nxos\"].LFN101",
      "instances": [
        {
          "schema_version": 0,
          "attributes": {
            "admin_state": "enabled",
            "bfd": "none",
            "device": null,
            "dr_priority": 1,
            "id": "sys/pim/inst/dom-[default]/if-[eth1/1]",
            "interface_id": "eth1/1",
            "passive": false,
            "sparse_mode": true,
            "vrf_name": "default"
          },
          "sensitive_attributes": [],
          "private": "eyJpbXBvcnRpbmciOiJNQT09In0="
        }
      ]
    },
    {
      "mode": "managed",
      "type": "nxos_pim_interface",
      "name": "LFN101-PIM-Lo0",
      "provider": "provider[\"registry.terraform.io/ciscodevnet/nxos\"].LFN101",
      "instances": [
        {
          "schema_version": 0,
          "attributes": {
            "admin_state": "enabled",
            "bfd": "none",
            "device": null,
            "dr_priority": 1,
            "id": "sys/pim/inst/dom-[default]/if-[lo0]",
            "interface_id": "lo0",
            "passive": false,
            "sparse_mode": true,
            "vrf_name": "default"
          },
          "sensitive_attributes": [],
          "private": "eyJpbXBvcnRpbmciOiJNQT09In0="
        }
      ]
    },
    {
      "mode": "managed",
      "type": "nxos_pim_interface",
      "name": "LFN101-PIM-Lo10",
      "provider": "provider[\"registry.terraform.io/ciscodevnet/nxos\"].LFN101",
      "instances": [
        {
          "schema_version": 0,
          "attributes": {
            "admin_state": "enabled",
            "bfd": "none",
            "device": null,
            "dr_priority": 1,
            "id": "sys/pim/inst/dom-[default]/if-[lo10]",
            "interface_id": "lo10",
            "passive": false,
            "sparse_mode": true,
            "vrf_name": "default"
          },
          "sensitive_attributes": [],
          "private": "eyJpbXBvcnRpbmciOiJNQT09In0="
        }
      ]
    },
    {
      "mode": "managed",
      "type": "nxos_pim_interface",
      "name": "LFN101-PIM-Lo100",
      "provider": "provider[\"registry.terraform.io/ciscodevnet/nxos\"].LFN101",
      "instances": [
        {
          "schema_version": 0,
          "attributes": {
            "admin_state": "enabled",
            "bfd": "none",
            "device": null,
            "dr_priority": 1,
            "id": "sys/pim/inst/dom-[default]/if-[lo100]",
            "interface_id": "lo100",
            "passive": false,
            "sparse_mode": true,
            "vrf_name": "default"
          },
          "sensitive_attributes": [],
          "private": "eyJpbXBvcnRpbmciOiJNQT09In0="
        }
      ]
    },
    {
      "mode": "managed",
      "type": "nxos_pim_interface",
      "name": "LFN102-PIM-Eth1-1",
      "provider": "provider[\"registry.terraform.io/ciscodevnet/nxos\"].LFN102",
      "instances": [
        {
          "schema_version": 0,
          "attributes": {
            "admin_state": "enabled",
            "bfd": "none",
            "device": null,
            "dr_priority": 1,
            "id": "sys/pim/inst/dom-[default]/if-[eth1/1]",
            "interface_id": "eth1/1",
            "passive": false,
            "sparse_mode": true,
            "vrf_name": "default"
          },
          "sensitive_attributes": [],
          "private": "eyJpbXBvcnRpbmciOiJNQT09In0="
        }
      ]
    },
    {
      "mode": "managed",
      "type": "nxos_pim_interface",
      "name": "LFN102-PIM-Eth1-2",
      "provider": "provider[\"registry.terraform.io/ciscodevnet/nxos\"].LFN102",
      "instances": [
        {
          "schema_version": 0,
          "attributes": {
            "admin_state": "enabled",
            "bfd": "none",
            "device": null,
            "dr_priority": 1,
            "id": "sys/pim/inst/dom-[default]/if-[eth1/2]",
            "interface_id": "eth1/2",
            "passive": false,
            "sparse_mode": true,
            "vrf_name": "default"
          },
          "sensitive_attributes": [],
          "private": "eyJpbXBvcnRpbmciOiJNQT09In0="
        }
      ]
    },
    {
      "mode": "managed",
      "type": "nxos_pim_interface",
      "name": "LFN102-PIM-Lo0",
      "provider": "provider[\"registry.terraform.io/ciscodevnet/nxos\"].LFN102",
      "instances": [
        {
          "schema_version": 0,
          "attributes": {
            "admin_state": "enabled",
            "bfd": "none",
            "device": null,
            "dr_priority": 1,
            "id": "sys/pim/inst/dom-[default]/if-[lo0]",
            "interface_id": "lo0",
            "passive": false,
            "sparse_mode": true,
            "vrf_name": "default"
          },
          "sensitive_attributes": [],
          "private": "eyJpbXBvcnRpbmciOiJNQT09In0="
        }
      ]
    },
    {
      "mode": "managed",
      "type": "nxos_pim_interface",
      "name": "LFN102-PIM-Lo10",
      "provider": "provider[\"registry.terraform.io/ciscodevnet/nxos\"].LFN102",
      "instances": [
        {
          "schema_version": 0,
          "attributes": {
            "admin_state": "enabled",
            "bfd": "none",
            "device": null,
            "dr_priority": 1,
            "id": "sys/pim/inst/dom-[default]/if-[lo10]",
            "interface_id": "lo10",
            "passive": false,
            "sparse_mode": true,
            "vrf_name": "default"
          },
          "sensitive_attributes": [],
          "private": "eyJpbXBvcnRpbmciOiJNQT09In0="
        }
      ]
    },
    {
      "mode": "managed",
      "type": "nxos_pim_interface",
      "name": "LFN102-PIM-Lo100",
      "provider": "provider[\"registry.terraform.io/ciscodevnet/nxos\"].LFN102",
      "instances": [
        {
          "schema_version": 0,
          "attributes": {
            "admin_state": "enabled",
            "bfd": "none",
            "device": null,
            "dr_priority": 1,
            "id": "sys/pim/inst/dom-[default]/if-[lo100]",
            "interface_id": "lo100",
            "passive": false,
            "sparse_mode": true,
            "vrf_name": "default"
          },
          "sensitive_attributes": [],
          "private": "eyJpbXBvcnRpbmciOiJNQT09In0="
        }
      ]
    },
    {
      "mode": "managed",
      "type": "nxos_pim_interface",
      "name": "SPN102-PIM-Lo10",
      "provider": "provider[\"registry.terraform.io/ciscodevnet/nxos\"].SPN201",
      "instances": [
        {
          "schema_version": 0,
          "attributes": {
            "admin_state": "enabled",
            "bfd": "none",
            "device": null,
            "dr_priority": 1,
            "id": "sys/pim/inst/dom-[default]/if-[lo10]",
            "interface_id": "lo10",
            "passive": false,
            "sparse_mode": true,
            "vrf_name": "default"
          },
          "sensitive_attributes": [],
          "private": "eyJpbXBvcnRpbmciOiJNQT09In0="
        }
      ]
    },
    {
      "mode": "managed",
      "type": "nxos_pim_interface",
      "name": "SPN102-PIM-Lo100",
      "provider": "provider[\"registry.terraform.io/ciscodevnet/nxos\"].SPN201",
      "instances": [
        {
          "schema_version": 0,
          "attributes": {
            "admin_state": "enabled",
            "bfd": "none",
            "device": null,
            "dr_priority": 1,
            "id": "sys/pim/inst/dom-[default]/if-[lo10]",
            "interface_id": "lo10",
            "passive": false,
            "sparse_mode": true,
            "vrf_name": "default"
          },
          "sensitive_attributes": [],
          "private": "eyJpbXBvcnRpbmciOiJNQT09In0="
        }
      ]
    },
    {
      "mode": "managed",
      "type": "nxos_pim_interface",
      "name": "SPN102-PIM-Lo238",
      "provider": "provider[\"registry.terraform.io/ciscodevnet/nxos\"].SPN201",
      "instances": [
        {
          "schema_version": 0,
          "attributes": {
            "admin_state": "enabled",
            "bfd": "none",
            "device": null,
            "dr_priority": 1,
            "id": "sys/pim/inst/dom-[default]/if-[lo238]",
            "interface_id": "lo238",
            "passive": false,
            "sparse_mode": true,
            "vrf_name": "default"
          },
          "sensitive_attributes": [],
          "private": "eyJpbXBvcnRpbmciOiJNQT09In0="
        }
      ]
    },
    {
      "mode": "managed",
      "type": "nxos_pim_interface",
      "name": "SPN201-PIM-Eth1-1",
      "provider": "provider[\"registry.terraform.io/ciscodevnet/nxos\"].SPN201",
      "instances": [
        {
          "schema_version": 0,
          "attributes": {
            "admin_state": "enabled",
            "bfd": "none",
            "device": null,
            "dr_priority": 1,
            "id": "sys/pim/inst/dom-[default]/if-[eth1/1]",
            "interface_id": "eth1/1",
            "passive": false,
            "sparse_mode": true,
            "vrf_name": "default"
          },
          "sensitive_attributes": [],
          "private": "eyJpbXBvcnRpbmciOiJNQT09In0="
        }
      ]
    },
    {
      "mode": "managed",
      "type": "nxos_pim_interface",
      "name": "SPN201-PIM-Eth1-2",
      "provider": "provider[\"registry.terraform.io/ciscodevnet/nxos\"].SPN201",
      "instances": [
        {
          "schema_version": 0,
          "attributes": {
            "admin_state": "enabled",
            "bfd": "none",
            "device": null,
            "dr_priority": 1,
            "id": "sys/pim/inst/dom-[default]/if-[eth1/2]",
            "interface_id": "eth1/2",
            "passive": false,
            "sparse_mode": true,
            "vrf_name": "default"
          },
          "sensitive_attributes": [],
          "private": "eyJpbXBvcnRpbmciOiJNQT09In0="
        }
      ]
    },
    {
      "mode": "managed",
      "type": "nxos_pim_interface",
      "name": "SPN201-PIM-Lo0",
      "provider": "provider[\"registry.terraform.io/ciscodevnet/nxos\"].SPN201",
      "instances": [
        {
          "schema_version": 0,
          "attributes": {
            "admin_state": "enabled",
            "bfd": "none",
            "device": null,
            "dr_priority": 1,
            "id": "sys/pim/inst/dom-[default]/if-[lo0]",
            "interface_id": "lo0",
            "passive": false,
            "sparse_mode": true,
            "vrf_name": "default"
          },
          "sensitive_attributes": [],
          "private": "eyJpbXBvcnRpbmciOiJNQT09In0="
        }
      ]
    },
    {
      "mode": "managed",
      "type": "nxos_svi_interface",
      "name": "INTF-LFN101-VLAN10",
      "provider": "provider[\"registry.terraform.io/ciscodevnet/nxos\"].LFN101",
      "instances": [
        {
          "schema_version": 0,
          "attributes": {
            "admin_state": "up",
            "bandwidth": 1000000,
            "delay": 1,
            "description": "*** VLAN10 - CUST01 - SVI",
            "device": null,
            "id": "sys/intf/svi-[vlan10]",
            "interface_id": "vlan10",
            "medium": "bcast",
            "mtu": 9216
          },
          "sensitive_attributes": [],
          "private": "eyJpbXBvcnRpbmciOiJNQT09In0="
        }
      ]
    },
    {
      "mode": "managed",
      "type": "nxos_svi_interface",
      "name": "INTF-LFN101-VLAN11",
      "provider": "provider[\"registry.terraform.io/ciscodevnet/nxos\"].LFN101",
      "instances": [
        {
          "schema_version": 0,
          "attributes": {
            "admin_state": "up",
            "bandwidth": 1000000,
            "delay": 1,
            "description": "*** VLAN11 - CUST01 - L3VNI",
            "device": null,
            "id": "sys/intf/svi-[vlan11]",
            "interface_id": "vlan11",
            "medium": "bcast",
            "mtu": 9216
          },
          "sensitive_attributes": [],
          "private": "eyJpbXBvcnRpbmciOiJNQT09In0="
        }
      ]
    },
    {
      "mode": "managed",
      "type": "nxos_svi_interface",
      "name": "INTF-LFN102-VLAN10",
      "provider": "provider[\"registry.terraform.io/ciscodevnet/nxos\"].LFN102",
      "instances": [
        {
          "schema_version": 0,
          "attributes": {
            "admin_state": "up",
            "bandwidth": 1000000,
            "delay": 1,
            "description": "*** VLAN10 - CUST01 - SVI",
            "device": null,
            "id": "sys/intf/svi-[vlan10]",
            "interface_id": "vlan10",
            "medium": "bcast",
            "mtu": 9216
          },
          "sensitive_attributes": [],
          "private": "eyJpbXBvcnRpbmciOiJNQT09In0="
        }
      ]
    },
    {
      "mode": "managed",
      "type": "nxos_svi_interface",
      "name": "INTF-LFN102-VLAN11",
      "provider": "provider[\"registry.terraform.io/ciscodevnet/nxos\"].LFN102",
      "instances": [
        {
          "schema_version": 0,
          "attributes": {
            "admin_state": "up",
            "bandwidth": 1000000,
            "delay": 1,
            "description": "*** VLAN11 - CUST01 - L3VNI",
            "device": null,
            "id": "sys/intf/svi-[vlan11]",
            "interface_id": "vlan11",
            "medium": "bcast",
            "mtu": 9216
          },
          "sensitive_attributes": [],
          "private": "eyJpbXBvcnRpbmciOiJNQT09In0="
        }
      ]
    },
    {
      "mode": "managed",
      "type": "nxos_svi_interface_vrf",
      "name": "INTF-LFN101-VLAN10",
      "provider": "provider[\"registry.terraform.io/ciscodevnet/nxos\"].LFN101",
      "instances": [
        {
          "schema_version": 0,
          "attributes": {
            "device": null,
            "id": "sys/intf/svi-[vlan10]/rtvrfMbr",
            "interface_id": "vlan10",
            "vrf_dn": "sys/inst-VRF-CUST01"
          },
          "sensitive_attributes": [],
          "private": "eyJpbXBvcnRpbmciOiJNQT09In0="
        }
      ]
    },
    {
      "mode": "managed",
      "type": "nxos_svi_interface_vrf",
      "name": "INTF-LFN101-VLAN11",
      "provider": "provider[\"registry.terraform.io/ciscodevnet/nxos\"].LFN101",
      "instances": [
        {
          "schema_version": 0,
          "attributes": {
            "device": null,
            "id": "sys/intf/svi-[vlan11]/rtvrfMbr",
            "interface_id": "vlan11",
            "vrf_dn": "sys/inst-VRF-CUST01"
          },
          "sensitive_attributes": [],
          "private": "eyJpbXBvcnRpbmciOiJNQT09In0="
        }
      ]
    },
    {
      "mode": "managed",
      "type": "nxos_svi_interface_vrf",
      "name": "INTF-LFN102-VLAN10",
      "provider": "provider[\"registry.terraform.io/ciscodevnet/nxos\"].LFN102",
      "instances": [
        {
          "schema_version": 0,
          "attributes": {
            "device": null,
            "id": "sys/intf/svi-[vlan10]/rtvrfMbr",
            "interface_id": "vlan10",
            "vrf_dn": "sys/inst-VRF-CUST01"
          },
          "sensitive_attributes": [],
          "private": "eyJpbXBvcnRpbmciOiJNQT09In0="
        }
      ]
    },
    {
      "mode": "managed",
      "type": "nxos_svi_interface_vrf",
      "name": "INTF-LFN102-VLAN11",
      "provider": "provider[\"registry.terraform.io/ciscodevnet/nxos\"].LFN102",
      "instances": [
        {
          "schema_version": 0,
          "attributes": {
            "device": null,
            "id": "sys/intf/svi-[vlan11]/rtvrfMbr",
            "interface_id": "vlan11",
            "vrf_dn": "sys/inst-VRF-CUST01"
          },
          "sensitive_attributes": [],
          "private": "eyJpbXBvcnRpbmciOiJNQT09In0="
        }
      ]
    },
    {
      "mode": "managed",
      "type": "nxos_vrf",
      "name": "VRF-CUST1-LFN101",
      "provider": "provider[\"registry.terraform.io/ciscodevnet/nxos\"].LFN101",
      "instances": [
        {
          "schema_version": 0,
          "attributes": {
            "description": "*** VRF - CUST01 ***",
            "device": null,
            "encap": "vxlan-10011",
            "id": "sys/inst-[VRF-CUST01]",
            "name": "VRF-CUST01"
          },
          "sensitive_attributes": [],
          "private": "eyJpbXBvcnRpbmciOiJNQT09In0="
        }
      ]
    },
    {
      "mode": "managed",
      "type": "nxos_vrf",
      "name": "VRF-CUST1-LFN102",
      "provider": "provider[\"registry.terraform.io/ciscodevnet/nxos\"].LFN102",
      "instances": [
        {
          "schema_version": 0,
          "attributes": {
            "description": "*** VRF - CUST01 ***",
            "device": null,
            "encap": "vxlan-10011",
            "id": "sys/inst-[VRF-CUST01]",
            "name": "VRF-CUST01"
          },
          "sensitive_attributes": [],
          "private": "eyJpbXBvcnRpbmciOiJNQT09In0="
        }
      ]
    },
    {
      "mode": "managed",
      "type": "nxos_vrf_address_family",
      "name": "VRF-CUST1-LFN101-AF",
      "provider": "provider[\"registry.terraform.io/ciscodevnet/nxos\"].LFN101",
      "instances": [
        {
          "schema_version": 0,
          "attributes": {
            "address_family": "ipv4-ucast",
            "device": null,
            "id": "sys/inst-[VRF-CUST01]/dom-[VRF-CUST01]/af-[ipv4-ucast]",
            "vrf": "VRF-CUST01"
          },
          "sensitive_attributes": [],
          "private": "eyJpbXBvcnRpbmciOiJNQT09In0="
        }
      ]
    },
    {
      "mode": "managed",
      "type": "nxos_vrf_address_family",
      "name": "VRF-CUST1-LFN102-AF",
      "provider": "provider[\"registry.terraform.io/ciscodevnet/nxos\"].LFN102",
      "instances": [
        {
          "schema_version": 0,
          "attributes": {
            "address_family": "ipv4-ucast",
            "device": null,
            "id": "sys/inst-[VRF-CUST01]/dom-[VRF-CUST01]/af-[ipv4-ucast]",
            "vrf": "VRF-CUST01"
          },
          "sensitive_attributes": [],
          "private": "eyJpbXBvcnRpbmciOiJNQT09In0="
        }
      ]
    },
    {
      "mode": "managed",
      "type": "nxos_vrf_route_target",
      "name": "VRF-CUST1-LFN101-RT",
      "provider": "provider[\"registry.terraform.io/ciscodevnet/nxos\"].LFN101",
      "instances": [
        {
          "schema_version": 0,
          "attributes": {
            "address_family": "ipv4-ucast",
            "device": null,
            "direction": "import",
            "id": "sys/inst-[VRF-CUST01]/dom-[VRF-CUST01]/af-[ipv4-ucast]/ctrl-[ipv4-ucast]/rttp-[import]/ent-[route-target:unknown:0:0]",
            "route_target": "route-target:unknown:0:0",
            "route_target_address_family": "ipv4-ucast",
            "vrf": "VRF-CUST01"
          },
          "sensitive_attributes": [],
          "private": "eyJpbXBvcnRpbmciOiJNQT09In0="
        }
      ]
    },
    {
      "mode": "managed",
      "type": "nxos_vrf_route_target",
      "name": "VRF-CUST1-LFN101-RT-EVPN",
      "provider": "provider[\"registry.terraform.io/ciscodevnet/nxos\"].LFN101",
      "instances": [
        {
          "schema_version": 0,
          "attributes": {
            "address_family": "ipv4-ucast",
            "device": null,
            "direction": "import",
            "id": "sys/inst-[VRF-CUST01]/dom-[VRF-CUST01]/af-[ipv4-ucast]/ctrl-[l2vpn-evpn]/rttp-[import]/ent-[route-target:unknown:0:0]",
            "route_target": "route-target:unknown:0:0",
            "route_target_address_family": "l2vpn-evpn",
            "vrf": "VRF-CUST01"
          },
          "sensitive_attributes": [],
          "private": "eyJpbXBvcnRpbmciOiJNQT09In0="
        }
      ]
    },
    {
      "mode": "managed",
      "type": "nxos_vrf_route_target",
      "name": "VRF-CUST1-LFN102-RT",
      "provider": "provider[\"registry.terraform.io/ciscodevnet/nxos\"].LFN102",
      "instances": [
        {
          "schema_version": 0,
          "attributes": {
            "address_family": "ipv4-ucast",
            "device": null,
            "direction": "import",
            "id": "sys/inst-[VRF-CUST01]/dom-[VRF-CUST01]/af-[ipv4-ucast]/ctrl-[ipv4-ucast]/rttp-[import]/ent-[route-target:unknown:0:0]",
            "route_target": "route-target:unknown:0:0",
            "route_target_address_family": "ipv4-ucast",
            "vrf": "VRF-CUST01"
          },
          "sensitive_attributes": [],
          "private": "eyJpbXBvcnRpbmciOiJNQT09In0="
        }
      ]
    },
    {
      "mode": "managed",
      "type": "nxos_vrf_route_target",
      "name": "VRF-CUST1-LFN102-RT-EVPN",
      "provider": "provider[\"registry.terraform.io/ciscodevnet/nxos\"].LFN102",
      "instances": [
        {
          "schema_version": 0,
          "attributes": {
            "address_family": "ipv4-ucast",
            "device": null,
            "direction": "import",
            "id": "sys/inst-[VRF-CUST01]/dom-[VRF-CUST01]/af-[ipv4-ucast]/ctrl-[l2vpn-evpn]/rttp-[import]/ent-[route-target:unknown:0:0]",
            "route_target": "route-target:unknown:0:0",
            "route_target_address_family": "l2vpn-evpn",
            "vrf": "VRF-CUST01"
          },
          "sensitive_attributes": [],
          "private": "eyJpbXBvcnRpbmciOiJNQT09In0="
        }
      ]
    },
    {
      "mode": "managed",
      "type": "nxos_vrf_route_target_address_family",
      "name": "VRF-CUST1-LFN101-RT-AF",
      "provider": "provider[\"registry.terraform.io/ciscodevnet/nxos\"].LFN101",
      "instances": [
        {
          "schema_version": 0,
          "attributes": {
            "address_family": "ipv4-ucast",
            "device": null,
            "id": "sys/inst-[VRF-CUST01]/dom-[VRF-CUST01]/af-[ipv4-ucast]/ctrl-[ipv4-ucast]",
            "route_target_address_family": "ipv4-ucast",
            "vrf": "VRF-CUST01"
          },
          "sensitive_attributes": [],
          "private": "eyJpbXBvcnRpbmciOiJNQT09In0="
        }
      ]
    },
    {
      "mode": "managed",
      "type": "nxos_vrf_route_target_address_family",
      "name": "VRF-CUST1-LFN101-RT-EVPN-AF",
      "provider": "provider[\"registry.terraform.io/ciscodevnet/nxos\"].LFN101",
      "instances": [
        {
          "schema_version": 0,
          "attributes": {
            "address_family": "ipv4-ucast",
            "device": null,
            "id": "sys/inst-[VRF-CUST01]/dom-[VRF-CUST01]/af-[ipv4-ucast]/ctrl-[l2vpn-evpn]",
            "route_target_address_family": "l2vpn-evpn",
            "vrf": "VRF-CUST01"
          },
          "sensitive_attributes": [],
          "private": "eyJpbXBvcnRpbmciOiJNQT09In0="
        }
      ]
    },
    {
      "mode": "managed",
      "type": "nxos_vrf_route_target_address_family",
      "name": "VRF-CUST1-LFN102-RT-AF",
      "provider": "provider[\"registry.terraform.io/ciscodevnet/nxos\"].LFN102",
      "instances": [
        {
          "schema_version": 0,
          "attributes": {
            "address_family": "ipv4-ucast",
            "device": null,
            "id": "sys/inst-[VRF-CUST01]/dom-[VRF-CUST01]/af-[ipv4-ucast]/ctrl-[ipv4-ucast]",
            "route_target_address_family": "ipv4-ucast",
            "vrf": "VRF-CUST01"
          },
          "sensitive_attributes": [],
          "private": "eyJpbXBvcnRpbmciOiJNQT09In0="
        }
      ]
    },
    {
      "mode": "managed",
      "type": "nxos_vrf_route_target_address_family",
      "name": "VRF-CUST1-LFN102-RT-EVPN-AF",
      "provider": "provider[\"registry.terraform.io/ciscodevnet/nxos\"].LFN102",
      "instances": [
        {
          "schema_version": 0,
          "attributes": {
            "address_family": "ipv4-ucast",
            "device": null,
            "id": "sys/inst-[VRF-CUST01]/dom-[VRF-CUST01]/af-[ipv4-ucast]/ctrl-[l2vpn-evpn]",
            "route_target_address_family": "l2vpn-evpn",
            "vrf": "VRF-CUST01"
          },
          "sensitive_attributes": [],
          "private": "eyJpbXBvcnRpbmciOiJNQT09In0="
        }
      ]
    },
    {
      "mode": "managed",
      "type": "nxos_vrf_route_target_direction",
      "name": "VRF-CUST1-LFN101-RT-Dir-Export",
      "provider": "provider[\"registry.terraform.io/ciscodevnet/nxos\"].LFN101",
      "instances": [
        {
          "schema_version": 0,
          "attributes": {
            "address_family": "ipv4-ucast",
            "device": null,
            "direction": "export",
            "id": "sys/inst-[VRF-CUST01]/dom-[VRF-CUST01]/af-[ipv4-ucast]/ctrl-[ipv4-ucast]/rttp-[export]",
            "route_target_address_family": "ipv4-ucast",
            "vrf": "VRF-CUST01"
          },
          "sensitive_attributes": [],
          "private": "eyJpbXBvcnRpbmciOiJNQT09In0="
        }
      ]
    },
    {
      "mode": "managed",
      "type": "nxos_vrf_route_target_direction",
      "name": "VRF-CUST1-LFN101-RT-Dir-Import",
      "provider": "provider[\"registry.terraform.io/ciscodevnet/nxos\"].LFN101",
      "instances": [
        {
          "schema_version": 0,
          "attributes": {
            "address_family": "ipv4-ucast",
            "device": null,
            "direction": "import",
            "id": "sys/inst-[VRF-CUST01]/dom-[VRF-CUST01]/af-[ipv4-ucast]/ctrl-[ipv4-ucast]/rttp-[import]",
            "route_target_address_family": "ipv4-ucast",
            "vrf": "VRF-CUST01"
          },
          "sensitive_attributes": [],
          "private": "eyJpbXBvcnRpbmciOiJNQT09In0="
        }
      ]
    },
    {
      "mode": "managed",
      "type": "nxos_vrf_route_target_direction",
      "name": "VRF-CUST1-LFN101-RT-EVPN-Dir-Export",
      "provider": "provider[\"registry.terraform.io/ciscodevnet/nxos\"].LFN101",
      "instances": [
        {
          "schema_version": 0,
          "attributes": {
            "address_family": "ipv4-ucast",
            "device": null,
            "direction": "export",
            "id": "sys/inst-[VRF-CUST01]/dom-[VRF-CUST01]/af-[ipv4-ucast]/ctrl-[l2vpn-evpn]/rttp-[export]",
            "route_target_address_family": "l2vpn-evpn",
            "vrf": "VRF-CUST01"
          },
          "sensitive_attributes": [],
          "private": "eyJpbXBvcnRpbmciOiJNQT09In0="
        }
      ]
    },
    {
      "mode": "managed",
      "type": "nxos_vrf_route_target_direction",
      "name": "VRF-CUST1-LFN101-RT-EVPN-Dir-Import",
      "provider": "provider[\"registry.terraform.io/ciscodevnet/nxos\"].LFN101",
      "instances": [
        {
          "schema_version": 0,
          "attributes": {
            "address_family": "ipv4-ucast",
            "device": null,
            "direction": "import",
            "id": "sys/inst-[VRF-CUST01]/dom-[VRF-CUST01]/af-[ipv4-ucast]/ctrl-[l2vpn-evpn]/rttp-[import]",
            "route_target_address_family": "l2vpn-evpn",
            "vrf": "VRF-CUST01"
          },
          "sensitive_attributes": [],
          "private": "eyJpbXBvcnRpbmciOiJNQT09In0="
        }
      ]
    },
    {
      "mode": "managed",
      "type": "nxos_vrf_route_target_direction",
      "name": "VRF-CUST1-LFN102-RT-Dir-Export",
      "provider": "provider[\"registry.terraform.io/ciscodevnet/nxos\"].LFN102",
      "instances": [
        {
          "schema_version": 0,
          "attributes": {
            "address_family": "ipv4-ucast",
            "device": null,
            "direction": "export",
            "id": "sys/inst-[VRF-CUST01]/dom-[VRF-CUST01]/af-[ipv4-ucast]/ctrl-[ipv4-ucast]/rttp-[export]",
            "route_target_address_family": "ipv4-ucast",
            "vrf": "VRF-CUST01"
          },
          "sensitive_attributes": [],
          "private": "eyJpbXBvcnRpbmciOiJNQT09In0="
        }
      ]
    },
    {
      "mode": "managed",
      "type": "nxos_vrf_route_target_direction",
      "name": "VRF-CUST1-LFN102-RT-Dir-Import",
      "provider": "provider[\"registry.terraform.io/ciscodevnet/nxos\"].LFN102",
      "instances": [
        {
          "schema_version": 0,
          "attributes": {
            "address_family": "ipv4-ucast",
            "device": null,
            "direction": "import",
            "id": "sys/inst-[VRF-CUST01]/dom-[VRF-CUST01]/af-[ipv4-ucast]/ctrl-[ipv4-ucast]/rttp-[import]",
            "route_target_address_family": "ipv4-ucast",
            "vrf": "VRF-CUST01"
          },
          "sensitive_attributes": [],
          "private": "eyJpbXBvcnRpbmciOiJNQT09In0="
        }
      ]
    },
    {
      "mode": "managed",
      "type": "nxos_vrf_route_target_direction",
      "name": "VRF-CUST1-LFN102-RT-EVPN-Dir-Export",
      "provider": "provider[\"registry.terraform.io/ciscodevnet/nxos\"].LFN102",
      "instances": [
        {
          "schema_version": 0,
          "attributes": {
            "address_family": "ipv4-ucast",
            "device": null,
            "direction": "export",
            "id": "sys/inst-[VRF-CUST01]/dom-[VRF-CUST01]/af-[ipv4-ucast]/ctrl-[l2vpn-evpn]/rttp-[export]",
            "route_target_address_family": "l2vpn-evpn",
            "vrf": "VRF-CUST01"
          },
          "sensitive_attributes": [],
          "private": "eyJpbXBvcnRpbmciOiJNQT09In0="
        }
      ]
    },
    {
      "mode": "managed",
      "type": "nxos_vrf_route_target_direction",
      "name": "VRF-CUST1-LFN102-RT-EVPN-Dir-Import",
      "provider": "provider[\"registry.terraform.io/ciscodevnet/nxos\"].LFN102",
      "instances": [
        {
          "schema_version": 0,
          "attributes": {
            "address_family": "ipv4-ucast",
            "device": null,
            "direction": "import",
            "id": "sys/inst-[VRF-CUST01]/dom-[VRF-CUST01]/af-[ipv4-ucast]/ctrl-[l2vpn-evpn]/rttp-[import]",
            "route_target_address_family": "l2vpn-evpn",
            "vrf": "VRF-CUST01"
          },
          "sensitive_attributes": [],
          "private": "eyJpbXBvcnRpbmciOiJNQT09In0="
        }
      ]
    },
    {
      "mode": "managed",
      "type": "nxos_vrf_routing",
      "name": "VRF-CUST1-LFN101-Routing",
      "provider": "provider[\"registry.terraform.io/ciscodevnet/nxos\"].LFN101",
      "instances": [
        {
          "schema_version": 0,
          "attributes": {
            "device": null,
            "id": "sys/inst-[VRF-CUST01]/dom-[VRF-CUST01]",
            "route_distinguisher": "rd:unknown:0:0",
            "vrf": "VRF-CUST01"
          },
          "sensitive_attributes": [],
          "private": "eyJpbXBvcnRpbmciOiJNQT09In0="
        }
      ]
    },
    {
      "mode": "managed",
      "type": "nxos_vrf_routing",
      "name": "VRF-CUST1-LFN102-Routing",
      "provider": "provider[\"registry.terraform.io/ciscodevnet/nxos\"].LFN102",
      "instances": [
        {
          "schema_version": 0,
          "attributes": {
            "device": null,
            "id": "sys/inst-[VRF-CUST01]/dom-[VRF-CUST01]",
            "route_distinguisher": "rd:unknown:0:0",
            "vrf": "VRF-CUST01"
          },
          "sensitive_attributes": [],
          "private": "eyJpbXBvcnRpbmciOiJNQT09In0="
        }
      ]
    },
    {
      "module": "module.LFN101",
      "mode": "managed",
      "type": "nxos_bgp",
      "name": "ALL-BGP",
      "provider": "provider[\"registry.terraform.io/ciscodevnet/nxos\"].LFN101",
      "instances": [
        {
          "schema_version": 0,
          "attributes": {
            "admin_state": "enabled",
            "device": null,
            "id": "sys/bgp"
          },
          "sensitive_attributes": [],
          "private": "eyJpbXBvcnRpbmciOiJNQT09In0="
        }
      ]
    },
    {
      "module": "module.LFN101",
      "mode": "managed",
      "type": "nxos_bgp_instance",
      "name": "BGP-Instance",
      "provider": "provider[\"registry.terraform.io/ciscodevnet/nxos\"].LFN101",
      "instances": [
        {
          "schema_version": 0,
          "attributes": {
            "admin_state": "enabled",
            "asn": "65000",
            "device": null,
            "enhanced_error_handling": true,
            "id": "sys/bgp/inst"
          },
          "sensitive_attributes": [],
          "private": "eyJpbXBvcnRpbmciOiJNQT09In0="
        }
      ]
    },
    {
      "module": "module.LFN101",
      "mode": "managed",
      "type": "nxos_evpn",
      "name": "ALL-EVPN",
      "provider": "provider[\"registry.terraform.io/ciscodevnet/nxos\"].LFN101",
      "instances": [
        {
          "schema_version": 0,
          "attributes": {
            "admin_state": "enabled",
            "device": null,
            "id": "sys/evpn"
          },
          "sensitive_attributes": [],
          "private": "eyJpbXBvcnRpbmciOiJNQT09In0="
        }
      ]
    },
    {
      "module": "module.LFN101",
      "mode": "managed",
      "type": "nxos_feature_bgp",
      "name": "bgp",
      "provider": "provider[\"registry.terraform.io/ciscodevnet/nxos\"].LFN101",
      "instances": [
        {
          "schema_version": 0,
          "attributes": {
            "admin_state": "enabled",
            "device": null,
            "id": "sys/fm/bgp"
          },
          "sensitive_attributes": [],
          "private": "eyJpbXBvcnRpbmciOiJNQT09In0="
        }
      ]
    },
    {
      "module": "module.LFN101",
      "mode": "managed",
      "type": "nxos_feature_evpn",
      "name": "evpn",
      "provider": "provider[\"registry.terraform.io/ciscodevnet/nxos\"].LFN101",
      "instances": [
        {
          "schema_version": 0,
          "attributes": {
            "admin_state": "enabled",
            "device": null,
            "id": "sys/fm/evpn"
          },
          "sensitive_attributes": [],
          "private": "eyJpbXBvcnRpbmciOiJNQT09In0="
        }
      ]
    },
    {
      "module": "module.LFN101",
      "mode": "managed",
      "type": "nxos_feature_interface_vlan",
      "name": "ivlan",
      "provider": "provider[\"registry.terraform.io/ciscodevnet/nxos\"].LFN101",
      "instances": [
        {
          "schema_version": 0,
          "attributes": {
            "admin_state": "enabled",
            "device": null,
            "id": "sys/fm/ifvlan"
          },
          "sensitive_attributes": [],
          "private": "eyJpbXBvcnRpbmciOiJNQT09In0="
        }
      ]
    },
    {
      "module": "module.LFN101",
      "mode": "managed",
      "type": "nxos_feature_nv_overlay",
      "name": "nvoverlay",
      "provider": "provider[\"registry.terraform.io/ciscodevnet/nxos\"].LFN101",
      "instances": [
        {
          "schema_version": 0,
          "attributes": {
            "admin_state": "enabled",
            "device": null,
            "id": "sys/fm/nvo"
          },
          "sensitive_attributes": [],
          "private": "eyJpbXBvcnRpbmciOiJNQT09In0="
        }
      ]
    },
    {
      "module": "module.LFN101",
      "mode": "managed",
      "type": "nxos_feature_ospf",
      "name": "ospf",
      "provider": "provider[\"registry.terraform.io/ciscodevnet/nxos\"].LFN101",
      "instances": [
        {
          "schema_version": 0,
          "attributes": {
            "admin_state": "enabled",
            "device": null,
            "id": "sys/fm/ospf"
          },
          "sensitive_attributes": [],
          "private": "eyJpbXBvcnRpbmciOiJNQT09In0="
        }
      ]
    },
    {
      "module": "module.LFN101",
      "mode": "managed",
      "type": "nxos_feature_pim",
      "name": "pim",
      "provider": "provider[\"registry.terraform.io/ciscodevnet/nxos\"].LFN101",
      "instances": [
        {
          "schema_version": 0,
          "attributes": {
            "admin_state": "enabled",
            "device": null,
            "id": "sys/fm/pim"
          },
          "sensitive_attributes": [],
          "private": "eyJpbXBvcnRpbmciOiJNQT09In0="
        }
      ]
    },
    {
      "module": "module.LFN101",
      "mode": "managed",
      "type": "nxos_feature_vn_segment",
      "name": "vnseg",
      "provider": "provider[\"registry.terraform.io/ciscodevnet/nxos\"].LFN101",
      "instances": [
        {
          "schema_version": 0,
          "attributes": {
            "admin_state": "enabled",
            "device": null,
            "id": "sys/fm/vnsegment"
          },
          "sensitive_attributes": [],
          "private": "eyJpbXBvcnRpbmciOiJNQT09In0="
        }
      ]
    },
    {
      "module": "module.LFN101",
      "mode": "managed",
      "type": "nxos_hmm",
      "name": "ALL-HMM",
      "provider": "provider[\"registry.terraform.io/ciscodevnet/nxos\"].LFN101",
      "instances": [
        {
          "schema_version": 0,
          "attributes": {
            "admin_state": "enabled",
            "device": null,
            "id": "sys/hmm"
          },
          "sensitive_attributes": [],
          "private": "eyJpbXBvcnRpbmciOiJNQT09In0="
        }
      ]
    },
    {
      "module": "module.LFN101",
      "mode": "managed",
      "type": "nxos_hmm_instance",
      "name": "ALL-HMM-ACM",
      "provider": "provider[\"registry.terraform.io/ciscodevnet/nxos\"].LFN101",
      "instances": [
        {
          "schema_version": 0,
          "attributes": {
            "admin_state": "enabled",
            "anycast_mac": "00:01:00:01:00:01",
            "device": null,
            "id": "sys/hmm/fwdinst"
          },
          "sensitive_attributes": [],
          "private": "eyJpbXBvcnRpbmciOiJNQT09In0="
        }
      ]
    },
    {
      "module": "module.LFN101",
      "mode": "managed",
      "type": "nxos_ospf",
      "name": "ospf",
      "provider": "provider[\"registry.terraform.io/ciscodevnet/nxos\"].LFN101",
      "instances": [
        {
          "schema_version": 0,
          "attributes": {
            "admin_state": "enabled",
            "device": null,
            "id": "sys/ospf"
          },
          "sensitive_attributes": [],
          "private": "eyJpbXBvcnRpbmciOiJNQT09In0="
        }
      ]
    },
    {
      "module": "module.LFN101",
      "mode": "managed",
      "type": "nxos_ospf_instance",
      "name": "ospf-inst",
      "provider": "provider[\"registry.terraform.io/ciscodevnet/nxos\"].LFN101",
      "instances": [
        {
          "schema_version": 0,
          "attributes": {
            "admin_state": "enabled",
            "device": null,
            "id": "sys/ospf/inst-[underlay]",
            "name": "underlay"
          },
          "sensitive_attributes": [],
          "private": "eyJpbXBvcnRpbmciOiJNQT09In0=",
          "dependencies": [
            "module.LFN101.nxos_ospf.ospf"
          ]
        }
      ]
    },
    {
      "module": "module.LFN101",
      "mode": "managed",
      "type": "nxos_pim",
      "name": "ALL-PIM",
      "provider": "provider[\"registry.terraform.io/ciscodevnet/nxos\"].LFN101",
      "instances": [
        {
          "schema_version": 0,
          "attributes": {
            "admin_state": "enabled",
            "device": null,
            "id": "sys/pim"
          },
          "sensitive_attributes": [],
          "private": "eyJpbXBvcnRpbmciOiJNQT09In0="
        }
      ]
    },
    {
      "module": "module.LFN101",
      "mode": "managed",
      "type": "nxos_pim_instance",
      "name": "ALL-PIM-INST",
      "provider": "provider[\"registry.terraform.io/ciscodevnet/nxos\"].LFN101",
      "instances": [
        {
          "schema_version": 0,
          "attributes": {
            "admin_state": "enabled",
            "device": null,
            "id": "sys/pim/inst"
          },
          "sensitive_attributes": [],
          "private": "eyJpbXBvcnRpbmciOiJNQT09In0="
        }
      ]
    },
    {
      "module": "module.LFN101",
      "mode": "managed",
      "type": "nxos_pim_ssm_policy",
      "name": "ALL-PIM-SSM",
      "provider": "provider[\"registry.terraform.io/ciscodevnet/nxos\"].LFN101",
      "instances": [
        {
          "schema_version": 0,
          "attributes": {
            "device": null,
            "id": "sys/pim/inst/dom-[default]/ssm",
            "name": "SSM",
            "vrf_name": "default"
          },
          "sensitive_attributes": [],
          "private": "eyJpbXBvcnRpbmciOiJNQT09In0=",
          "dependencies": [
            "module.LFN101.nxos_pim_instance.ALL-PIM-INST",
            "module.LFN101.nxos_pim_vrf.ALL-PIM-VRF"
          ]
        }
      ]
    },
    {
      "module": "module.LFN101",
      "mode": "managed",
      "type": "nxos_pim_ssm_range",
      "name": "ALL-PIM-SSM-RNG",
      "provider": "provider[\"registry.terraform.io/ciscodevnet/nxos\"].LFN101",
      "instances": [
        {
          "schema_version": 0,
          "attributes": {
            "device": null,
            "group_list_1": "232.0.0.0/8",
            "group_list_2": "0.0.0.0",
            "group_list_3": "0.0.0.0",
            "group_list_4": "0.0.0.0",
            "id": "sys/pim/inst/dom-[default]/ssm/range",
            "prefix_list": null,
            "route_map": null,
            "ssm_none": false,
            "vrf_name": "default"
          },
          "sensitive_attributes": [],
          "private": "eyJpbXBvcnRpbmciOiJNQT09In0=",
          "dependencies": [
            "module.LFN101.nxos_pim_instance.ALL-PIM-INST",
            "module.LFN101.nxos_pim_ssm_policy.ALL-PIM-SSM",
            "module.LFN101.nxos_pim_vrf.ALL-PIM-VRF"
          ]
        }
      ]
    },
    {
      "module": "module.LFN101",
      "mode": "managed",
      "type": "nxos_pim_static_rp",
      "name": "ALL-PIM-RP",
      "provider": "provider[\"registry.terraform.io/ciscodevnet/nxos\"].LFN101",
      "instances": [
        {
          "schema_version": 0,
          "attributes": {
            "address": "192.168.238.238",
            "device": null,
            "id": "sys/pim/inst/dom-[default]/staticrp/rp-[192.168.238.238]",
            "vrf_name": "default"
          },
          "sensitive_attributes": [],
          "private": "eyJpbXBvcnRpbmciOiJNQT09In0=",
          "dependencies": [
            "module.LFN101.nxos_pim_instance.ALL-PIM-INST",
            "module.LFN101.nxos_pim_static_rp_policy.ALL-PIM-RPPolicy",
            "module.LFN101.nxos_pim_vrf.ALL-PIM-VRF"
          ]
        }
      ]
    },
    {
      "module": "module.LFN101",
      "mode": "managed",
      "type": "nxos_pim_static_rp_group_list",
      "name": "ALL-PIM-RP-GL",
      "provider": "provider[\"registry.terraform.io/ciscodevnet/nxos\"].LFN101",
      "instances": [
        {
          "schema_version": 0,
          "attributes": {
            "address": "224.0.0.0/4",
            "bidir": false,
            "device": null,
            "id": "sys/pim/inst/dom-[default]/staticrp/rp-[192.168.238.238]/rpgrplist-[224.0.0.0/4]",
            "override": false,
            "rp_address": "192.168.238.238",
            "vrf_name": "default"
          },
          "sensitive_attributes": [],
          "private": "eyJpbXBvcnRpbmciOiJNQT09In0=",
          "dependencies": [
            "module.LFN101.nxos_pim_instance.ALL-PIM-INST",
            "module.LFN101.nxos_pim_static_rp.ALL-PIM-RP",
            "module.LFN101.nxos_pim_static_rp_policy.ALL-PIM-RPPolicy",
            "module.LFN101.nxos_pim_vrf.ALL-PIM-VRF"
          ]
        }
      ]
    },
    {
      "module": "module.LFN101",
      "mode": "managed",
      "type": "nxos_pim_static_rp_policy",
      "name": "ALL-PIM-RPPolicy",
      "provider": "provider[\"registry.terraform.io/ciscodevnet/nxos\"].LFN101",
      "instances": [
        {
          "schema_version": 0,
          "attributes": {
            "device": null,
            "id": "sys/pim/inst/dom-[default]/staticrp",
            "name": "RP",
            "vrf_name": "default"
          },
          "sensitive_attributes": [],
          "private": "eyJpbXBvcnRpbmciOiJNQT09In0=",
          "dependencies": [
            "module.LFN101.nxos_pim_instance.ALL-PIM-INST",
            "module.LFN101.nxos_pim_vrf.ALL-PIM-VRF"
          ]
        }
      ]
    },
    {
      "module": "module.LFN101",
      "mode": "managed",
      "type": "nxos_pim_vrf",
      "name": "ALL-PIM-VRF",
      "provider": "provider[\"registry.terraform.io/ciscodevnet/nxos\"].LFN101",
      "instances": [
        {
          "schema_version": 0,
          "attributes": {
            "admin_state": "enabled",
            "bfd": false,
            "device": null,
            "id": "sys/pim/inst/dom-[default]",
            "name": "default"
          },
          "sensitive_attributes": [],
          "private": "eyJpbXBvcnRpbmciOiJNQT09In0=",
          "dependencies": [
            "module.LFN101.nxos_pim_instance.ALL-PIM-INST"
          ]
        }
      ]
    },
    {
      "module": "module.LFN102",
      "mode": "managed",
      "type": "nxos_bgp",
      "name": "ALL-BGP",
      "provider": "provider[\"registry.terraform.io/ciscodevnet/nxos\"].LFN102",
      "instances": [
        {
          "schema_version": 0,
          "attributes": {
            "admin_state": "enabled",
            "device": null,
            "id": "sys/bgp"
          },
          "sensitive_attributes": [],
          "private": "eyJpbXBvcnRpbmciOiJNQT09In0="
        }
      ]
    },
    {
      "module": "module.LFN102",
      "mode": "managed",
      "type": "nxos_bgp_instance",
      "name": "BGP-Instance",
      "provider": "provider[\"registry.terraform.io/ciscodevnet/nxos\"].LFN102",
      "instances": [
        {
          "schema_version": 0,
          "attributes": {
            "admin_state": "enabled",
            "asn": "65000",
            "device": null,
            "enhanced_error_handling": true,
            "id": "sys/bgp/inst"
          },
          "sensitive_attributes": [],
          "private": "eyJpbXBvcnRpbmciOiJNQT09In0="
        }
      ]
    },
    {
      "module": "module.LFN102",
      "mode": "managed",
      "type": "nxos_evpn",
      "name": "ALL-EVPN",
      "provider": "provider[\"registry.terraform.io/ciscodevnet/nxos\"].LFN102",
      "instances": [
        {
          "schema_version": 0,
          "attributes": {
            "admin_state": "enabled",
            "device": null,
            "id": "sys/evpn"
          },
          "sensitive_attributes": [],
          "private": "eyJpbXBvcnRpbmciOiJNQT09In0="
        }
      ]
    },
    {
      "module": "module.LFN102",
      "mode": "managed",
      "type": "nxos_feature_bgp",
      "name": "bgp",
      "provider": "provider[\"registry.terraform.io/ciscodevnet/nxos\"].LFN102",
      "instances": [
        {
          "schema_version": 0,
          "attributes": {
            "admin_state": "enabled",
            "device": null,
            "id": "sys/fm/bgp"
          },
          "sensitive_attributes": [],
          "private": "eyJpbXBvcnRpbmciOiJNQT09In0="
        }
      ]
    },
    {
      "module": "module.LFN102",
      "mode": "managed",
      "type": "nxos_feature_evpn",
      "name": "evpn",
      "provider": "provider[\"registry.terraform.io/ciscodevnet/nxos\"].LFN102",
      "instances": [
        {
          "schema_version": 0,
          "attributes": {
            "admin_state": "enabled",
            "device": null,
            "id": "sys/fm/evpn"
          },
          "sensitive_attributes": [],
          "private": "eyJpbXBvcnRpbmciOiJNQT09In0="
        }
      ]
    },
    {
      "module": "module.LFN102",
      "mode": "managed",
      "type": "nxos_feature_interface_vlan",
      "name": "ivlan",
      "provider": "provider[\"registry.terraform.io/ciscodevnet/nxos\"].LFN102",
      "instances": [
        {
          "schema_version": 0,
          "attributes": {
            "admin_state": "enabled",
            "device": null,
            "id": "sys/fm/ifvlan"
          },
          "sensitive_attributes": [],
          "private": "eyJpbXBvcnRpbmciOiJNQT09In0="
        }
      ]
    },
    {
      "module": "module.LFN102",
      "mode": "managed",
      "type": "nxos_feature_nv_overlay",
      "name": "nvoverlay",
      "provider": "provider[\"registry.terraform.io/ciscodevnet/nxos\"].LFN102",
      "instances": [
        {
          "schema_version": 0,
          "attributes": {
            "admin_state": "enabled",
            "device": null,
            "id": "sys/fm/nvo"
          },
          "sensitive_attributes": [],
          "private": "eyJpbXBvcnRpbmciOiJNQT09In0="
        }
      ]
    },
    {
      "module": "module.LFN102",
      "mode": "managed",
      "type": "nxos_feature_ospf",
      "name": "ospf",
      "provider": "provider[\"registry.terraform.io/ciscodevnet/nxos\"].LFN102",
      "instances": [
        {
          "schema_version": 0,
          "attributes": {
            "admin_state": "enabled",
            "device": null,
            "id": "sys/fm/ospf"
          },
          "sensitive_attributes": [],
          "private": "eyJpbXBvcnRpbmciOiJNQT09In0="
        }
      ]
    },
    {
      "module": "module.LFN102",
      "mode": "managed",
      "type": "nxos_feature_pim",
      "name": "pim",
      "provider": "provider[\"registry.terraform.io/ciscodevnet/nxos\"].LFN102",
      "instances": [
        {
          "schema_version": 0,
          "attributes": {
            "admin_state": "enabled",
            "device": null,
            "id": "sys/fm/pim"
          },
          "sensitive_attributes": [],
          "private": "eyJpbXBvcnRpbmciOiJNQT09In0="
        }
      ]
    },
    {
      "module": "module.LFN102",
      "mode": "managed",
      "type": "nxos_feature_vn_segment",
      "name": "vnseg",
      "provider": "provider[\"registry.terraform.io/ciscodevnet/nxos\"].LFN102",
      "instances": [
        {
          "schema_version": 0,
          "attributes": {
            "admin_state": "enabled",
            "device": null,
            "id": "sys/fm/vnsegment"
          },
          "sensitive_attributes": [],
          "private": "eyJpbXBvcnRpbmciOiJNQT09In0="
        }
      ]
    },
    {
      "module": "module.LFN102",
      "mode": "managed",
      "type": "nxos_hmm",
      "name": "ALL-HMM",
      "provider": "provider[\"registry.terraform.io/ciscodevnet/nxos\"].LFN102",
      "instances": [
        {
          "schema_version": 0,
          "attributes": {
            "admin_state": "enabled",
            "device": null,
            "id": "sys/hmm"
          },
          "sensitive_attributes": [],
          "private": "eyJpbXBvcnRpbmciOiJNQT09In0="
        }
      ]
    },
    {
      "module": "module.LFN102",
      "mode": "managed",
      "type": "nxos_hmm_instance",
      "name": "ALL-HMM-ACM",
      "provider": "provider[\"registry.terraform.io/ciscodevnet/nxos\"].LFN102",
      "instances": [
        {
          "schema_version": 0,
          "attributes": {
            "admin_state": "enabled",
            "anycast_mac": "00:01:00:01:00:01",
            "device": null,
            "id": "sys/hmm/fwdinst"
          },
          "sensitive_attributes": [],
          "private": "eyJpbXBvcnRpbmciOiJNQT09In0="
        }
      ]
    },
    {
      "module": "module.LFN102",
      "mode": "managed",
      "type": "nxos_ospf",
      "name": "ospf",
      "provider": "provider[\"registry.terraform.io/ciscodevnet/nxos\"].LFN102",
      "instances": [
        {
          "schema_version": 0,
          "attributes": {
            "admin_state": "enabled",
            "device": null,
            "id": "sys/ospf"
          },
          "sensitive_attributes": [],
          "private": "eyJpbXBvcnRpbmciOiJNQT09In0="
        }
      ]
    },
    {
      "module": "module.LFN102",
      "mode": "managed",
      "type": "nxos_ospf_instance",
      "name": "ospf-inst",
      "provider": "provider[\"registry.terraform.io/ciscodevnet/nxos\"].LFN102",
      "instances": [
        {
          "schema_version": 0,
          "attributes": {
            "admin_state": "enabled",
            "device": null,
            "id": "sys/ospf/inst-[underlay]",
            "name": "underlay"
          },
          "sensitive_attributes": [],
          "private": "eyJpbXBvcnRpbmciOiJNQT09In0=",
          "dependencies": [
            "module.LFN102.nxos_ospf.ospf"
          ]
        }
      ]
    },
    {
      "module": "module.LFN102",
      "mode": "managed",
      "type": "nxos_pim",
      "name": "ALL-PIM",
      "provider": "provider[\"registry.terraform.io/ciscodevnet/nxos\"].LFN102",
      "instances": [
        {
          "schema_version": 0,
          "attributes": {
            "admin_state": "enabled",
            "device": null,
            "id": "sys/pim"
          },
          "sensitive_attributes": [],
          "private": "eyJpbXBvcnRpbmciOiJNQT09In0="
        }
      ]
    },
    {
      "module": "module.LFN102",
      "mode": "managed",
      "type": "nxos_pim_instance",
      "name": "ALL-PIM-INST",
      "provider": "provider[\"registry.terraform.io/ciscodevnet/nxos\"].LFN102",
      "instances": [
        {
          "schema_version": 0,
          "attributes": {
            "admin_state": "enabled",
            "device": null,
            "id": "sys/pim/inst"
          },
          "sensitive_attributes": [],
          "private": "eyJpbXBvcnRpbmciOiJNQT09In0="
        }
      ]
    },
    {
      "module": "module.LFN102",
      "mode": "managed",
      "type": "nxos_pim_ssm_policy",
      "name": "ALL-PIM-SSM",
      "provider": "provider[\"registry.terraform.io/ciscodevnet/nxos\"].LFN102",
      "instances": [
        {
          "schema_version": 0,
          "attributes": {
            "device": null,
            "id": "sys/pim/inst/dom-[default]/ssm",
            "name": "SSM",
            "vrf_name": "default"
          },
          "sensitive_attributes": [],
          "private": "eyJpbXBvcnRpbmciOiJNQT09In0=",
          "dependencies": [
            "module.LFN102.nxos_pim_instance.ALL-PIM-INST",
            "module.LFN102.nxos_pim_vrf.ALL-PIM-VRF"
          ]
        }
      ]
    },
    {
      "module": "module.LFN102",
      "mode": "managed",
      "type": "nxos_pim_ssm_range",
      "name": "ALL-PIM-SSM-RNG",
      "provider": "provider[\"registry.terraform.io/ciscodevnet/nxos\"].LFN102",
      "instances": [
        {
          "schema_version": 0,
          "attributes": {
            "device": null,
            "group_list_1": "232.0.0.0/8",
            "group_list_2": "0.0.0.0",
            "group_list_3": "0.0.0.0",
            "group_list_4": "0.0.0.0",
            "id": "sys/pim/inst/dom-[default]/ssm/range",
            "prefix_list": null,
            "route_map": null,
            "ssm_none": false,
            "vrf_name": "default"
          },
          "sensitive_attributes": [],
          "private": "eyJpbXBvcnRpbmciOiJNQT09In0=",
          "dependencies": [
            "module.LFN102.nxos_pim_instance.ALL-PIM-INST",
            "module.LFN102.nxos_pim_ssm_policy.ALL-PIM-SSM",
            "module.LFN102.nxos_pim_vrf.ALL-PIM-VRF"
          ]
        }
      ]
    },
    {
      "module": "module.LFN102",
      "mode": "managed",
      "type": "nxos_pim_static_rp",
      "name": "ALL-PIM-RP",
      "provider": "provider[\"registry.terraform.io/ciscodevnet/nxos\"].LFN102",
      "instances": [
        {
          "schema_version": 0,
          "attributes": {
            "address": "192.168.238.238",
            "device": null,
            "id": "sys/pim/inst/dom-[default]/staticrp/rp-[192.168.238.238]",
            "vrf_name": "default"
          },
          "sensitive_attributes": [],
          "private": "eyJpbXBvcnRpbmciOiJNQT09In0=",
          "dependencies": [
            "module.LFN102.nxos_pim_instance.ALL-PIM-INST",
            "module.LFN102.nxos_pim_static_rp_policy.ALL-PIM-RPPolicy",
            "module.LFN102.nxos_pim_vrf.ALL-PIM-VRF"
          ]
        }
      ]
    },
    {
      "module": "module.LFN102",
      "mode": "managed",
      "type": "nxos_pim_static_rp_group_list",
      "name": "ALL-PIM-RP-GL",
      "provider": "provider[\"registry.terraform.io/ciscodevnet/nxos\"].LFN102",
      "instances": [
        {
          "schema_version": 0,
          "attributes": {
            "address": "224.0.0.0/4",
            "bidir": false,
            "device": null,
            "id": "sys/pim/inst/dom-[default]/staticrp/rp-[192.168.238.238]/rpgrplist-[224.0.0.0/4]",
            "override": false,
            "rp_address": "192.168.238.238",
            "vrf_name": "default"
          },
          "sensitive_attributes": [],
          "private": "eyJpbXBvcnRpbmciOiJNQT09In0=",
          "dependencies": [
            "module.LFN102.nxos_pim_instance.ALL-PIM-INST",
            "module.LFN102.nxos_pim_static_rp.ALL-PIM-RP",
            "module.LFN102.nxos_pim_static_rp_policy.ALL-PIM-RPPolicy",
            "module.LFN102.nxos_pim_vrf.ALL-PIM-VRF"
          ]
        }
      ]
    },
    {
      "module": "module.LFN102",
      "mode": "managed",
      "type": "nxos_pim_static_rp_policy",
      "name": "ALL-PIM-RPPolicy",
      "provider": "provider[\"registry.terraform.io/ciscodevnet/nxos\"].LFN102",
      "instances": [
        {
          "schema_version": 0,
          "attributes": {
            "device": null,
            "id": "sys/pim/inst/dom-[default]/staticrp",
            "name": "RP",
            "vrf_name": "default"
          },
          "sensitive_attributes": [],
          "private": "eyJpbXBvcnRpbmciOiJNQT09In0=",
          "dependencies": [
            "module.LFN102.nxos_pim_instance.ALL-PIM-INST",
            "module.LFN102.nxos_pim_vrf.ALL-PIM-VRF"
          ]
        }
      ]
    },
    {
      "module": "module.LFN102",
      "mode": "managed",
      "type": "nxos_pim_vrf",
      "name": "ALL-PIM-VRF",
      "provider": "provider[\"registry.terraform.io/ciscodevnet/nxos\"].LFN102",
      "instances": [
        {
          "schema_version": 0,
          "attributes": {
            "admin_state": "enabled",
            "bfd": false,
            "device": null,
            "id": "sys/pim/inst/dom-[default]",
            "name": "default"
          },
          "sensitive_attributes": [],
          "private": "eyJpbXBvcnRpbmciOiJNQT09In0=",
          "dependencies": [
            "module.LFN102.nxos_pim_instance.ALL-PIM-INST"
          ]
        }
      ]
    },
    {
      "module": "module.SPN201",
      "mode": "managed",
      "type": "nxos_bgp",
      "name": "ALL-BGP",
      "provider": "provider[\"registry.terraform.io/ciscodevnet/nxos\"].SPN201",
      "instances": [
        {
          "schema_version": 0,
          "attributes": {
            "admin_state": "enabled",
            "device": null,
            "id": "sys/bgp"
          },
          "sensitive_attributes": [],
          "private": "eyJpbXBvcnRpbmciOiJNQT09In0="
        }
      ]
    },
    {
      "module": "module.SPN201",
      "mode": "managed",
      "type": "nxos_bgp_instance",
      "name": "BGP-Instance",
      "provider": "provider[\"registry.terraform.io/ciscodevnet/nxos\"].SPN201",
      "instances": [
        {
          "schema_version": 0,
          "attributes": {
            "admin_state": "enabled",
            "asn": "65000",
            "device": null,
            "enhanced_error_handling": true,
            "id": "sys/bgp/inst"
          },
          "sensitive_attributes": [],
          "private": "eyJpbXBvcnRpbmciOiJNQT09In0="
        }
      ]
    },
    {
      "module": "module.SPN201",
      "mode": "managed",
      "type": "nxos_evpn",
      "name": "ALL-EVPN",
      "provider": "provider[\"registry.terraform.io/ciscodevnet/nxos\"].SPN201",
      "instances": [
        {
          "schema_version": 0,
          "attributes": {
            "admin_state": "enabled",
            "device": null,
            "id": "sys/evpn"
          },
          "sensitive_attributes": [],
          "private": "eyJpbXBvcnRpbmciOiJNQT09In0="
        }
      ]
    },
    {
      "module": "module.SPN201",
      "mode": "managed",
      "type": "nxos_feature_bgp",
      "name": "bgp",
      "provider": "provider[\"registry.terraform.io/ciscodevnet/nxos\"].SPN201",
      "instances": [
        {
          "schema_version": 0,
          "attributes": {
            "admin_state": "enabled",
            "device": null,
            "id": "sys/fm/bgp"
          },
          "sensitive_attributes": [],
          "private": "eyJpbXBvcnRpbmciOiJNQT09In0="
        }
      ]
    },
    {
      "module": "module.SPN201",
      "mode": "managed",
      "type": "nxos_feature_evpn",
      "name": "evpn",
      "provider": "provider[\"registry.terraform.io/ciscodevnet/nxos\"].SPN201",
      "instances": [
        {
          "schema_version": 0,
          "attributes": {
            "admin_state": "enabled",
            "device": null,
            "id": "sys/fm/evpn"
          },
          "sensitive_attributes": [],
          "private": "eyJpbXBvcnRpbmciOiJNQT09In0="
        }
      ]
    },
    {
      "module": "module.SPN201",
      "mode": "managed",
      "type": "nxos_feature_interface_vlan",
      "name": "ivlan",
      "provider": "provider[\"registry.terraform.io/ciscodevnet/nxos\"].SPN201",
      "instances": [
        {
          "schema_version": 0,
          "attributes": {
            "admin_state": "enabled",
            "device": null,
            "id": "sys/fm/ifvlan"
          },
          "sensitive_attributes": [],
          "private": "eyJpbXBvcnRpbmciOiJNQT09In0="
        }
      ]
    },
    {
      "module": "module.SPN201",
      "mode": "managed",
      "type": "nxos_feature_nv_overlay",
      "name": "nvoverlay",
      "provider": "provider[\"registry.terraform.io/ciscodevnet/nxos\"].SPN201",
      "instances": [
        {
          "schema_version": 0,
          "attributes": {
            "admin_state": "enabled",
            "device": null,
            "id": "sys/fm/nvo"
          },
          "sensitive_attributes": [],
          "private": "eyJpbXBvcnRpbmciOiJNQT09In0="
        }
      ]
    },
    {
      "module": "module.SPN201",
      "mode": "managed",
      "type": "nxos_feature_ospf",
      "name": "ospf",
      "provider": "provider[\"registry.terraform.io/ciscodevnet/nxos\"].SPN201",
      "instances": [
        {
          "schema_version": 0,
          "attributes": {
            "admin_state": "enabled",
            "device": null,
            "id": "sys/fm/ospf"
          },
          "sensitive_attributes": [],
          "private": "eyJpbXBvcnRpbmciOiJNQT09In0="
        }
      ]
    },
    {
      "module": "module.SPN201",
      "mode": "managed",
      "type": "nxos_feature_pim",
      "name": "pim",
      "provider": "provider[\"registry.terraform.io/ciscodevnet/nxos\"].SPN201",
      "instances": [
        {
          "schema_version": 0,
          "attributes": {
            "admin_state": "enabled",
            "device": null,
            "id": "sys/fm/pim"
          },
          "sensitive_attributes": [],
          "private": "eyJpbXBvcnRpbmciOiJNQT09In0="
        }
      ]
    },
    {
      "module": "module.SPN201",
      "mode": "managed",
      "type": "nxos_feature_vn_segment",
      "name": "vnseg",
      "provider": "provider[\"registry.terraform.io/ciscodevnet/nxos\"].SPN201",
      "instances": [
        {
          "schema_version": 0,
          "attributes": {
            "admin_state": "enabled",
            "device": null,
            "id": "sys/fm/vnsegment"
          },
          "sensitive_attributes": [],
          "private": "eyJpbXBvcnRpbmciOiJNQT09In0="
        }
      ]
    },
    {
      "module": "module.SPN201",
      "mode": "managed",
      "type": "nxos_hmm",
      "name": "ALL-HMM",
      "provider": "provider[\"registry.terraform.io/ciscodevnet/nxos\"].SPN201",
      "instances": [
        {
          "schema_version": 0,
          "attributes": {
            "admin_state": "enabled",
            "device": null,
            "id": "sys/hmm"
          },
          "sensitive_attributes": [],
          "private": "eyJpbXBvcnRpbmciOiJNQT09In0="
        }
      ]
    },
    {
      "module": "module.SPN201",
      "mode": "managed",
      "type": "nxos_hmm_instance",
      "name": "ALL-HMM-ACM",
      "provider": "provider[\"registry.terraform.io/ciscodevnet/nxos\"].SPN201",
      "instances": [
        {
          "schema_version": 0,
          "attributes": {
            "admin_state": "enabled",
            "anycast_mac": "00:01:00:01:00:01",
            "device": null,
            "id": "sys/hmm/fwdinst"
          },
          "sensitive_attributes": [],
          "private": "eyJpbXBvcnRpbmciOiJNQT09In0="
        }
      ]
    },
    {
      "module": "module.SPN201",
      "mode": "managed",
      "type": "nxos_ospf",
      "name": "ospf",
      "provider": "provider[\"registry.terraform.io/ciscodevnet/nxos\"].SPN201",
      "instances": [
        {
          "schema_version": 0,
          "attributes": {
            "admin_state": "enabled",
            "device": null,
            "id": "sys/ospf"
          },
          "sensitive_attributes": [],
          "private": "eyJpbXBvcnRpbmciOiJNQT09In0="
        }
      ]
    },
    {
      "module": "module.SPN201",
      "mode": "managed",
      "type": "nxos_ospf_instance",
      "name": "ospf-inst",
      "provider": "provider[\"registry.terraform.io/ciscodevnet/nxos\"].SPN201",
      "instances": [
        {
          "schema_version": 0,
          "attributes": {
            "admin_state": "enabled",
            "device": null,
            "id": "sys/ospf/inst-[underlay]",
            "name": "underlay"
          },
          "sensitive_attributes": [],
          "private": "eyJpbXBvcnRpbmciOiJNQT09In0=",
          "dependencies": [
            "module.SPN201.nxos_ospf.ospf"
          ]
        }
      ]
    },
    {
      "module": "module.SPN201",
      "mode": "managed",
      "type": "nxos_pim",
      "name": "ALL-PIM",
      "provider": "provider[\"registry.terraform.io/ciscodevnet/nxos\"].SPN201",
      "instances": [
        {
          "schema_version": 0,
          "attributes": {
            "admin_state": "enabled",
            "device": null,
            "id": "sys/pim"
          },
          "sensitive_attributes": [],
          "private": "eyJpbXBvcnRpbmciOiJNQT09In0="
        }
      ]
    },
    {
      "module": "module.SPN201",
      "mode": "managed",
      "type": "nxos_pim_instance",
      "name": "ALL-PIM-INST",
      "provider": "provider[\"registry.terraform.io/ciscodevnet/nxos\"].SPN201",
      "instances": [
        {
          "schema_version": 0,
          "attributes": {
            "admin_state": "enabled",
            "device": null,
            "id": "sys/pim/inst"
          },
          "sensitive_attributes": [],
          "private": "eyJpbXBvcnRpbmciOiJNQT09In0="
        }
      ]
    },
    {
      "module": "module.SPN201",
      "mode": "managed",
      "type": "nxos_pim_ssm_policy",
      "name": "ALL-PIM-SSM",
      "provider": "provider[\"registry.terraform.io/ciscodevnet/nxos\"].SPN201",
      "instances": [
        {
          "schema_version": 0,
          "attributes": {
            "device": null,
            "id": "sys/pim/inst/dom-[default]/ssm",
            "name": "SSM",
            "vrf_name": "default"
          },
          "sensitive_attributes": [],
          "private": "eyJpbXBvcnRpbmciOiJNQT09In0=",
          "dependencies": [
            "module.SPN201.nxos_pim_instance.ALL-PIM-INST",
            "module.SPN201.nxos_pim_vrf.ALL-PIM-VRF"
          ]
        }
      ]
    },
    {
      "module": "module.SPN201",
      "mode": "managed",
      "type": "nxos_pim_ssm_range",
      "name": "ALL-PIM-SSM-RNG",
      "provider": "provider[\"registry.terraform.io/ciscodevnet/nxos\"].SPN201",
      "instances": [
        {
          "schema_version": 0,
          "attributes": {
            "device": null,
            "group_list_1": "232.0.0.0/8",
            "group_list_2": "0.0.0.0",
            "group_list_3": "0.0.0.0",
            "group_list_4": "0.0.0.0",
            "id": "sys/pim/inst/dom-[default]/ssm/range",
            "prefix_list": null,
            "route_map": null,
            "ssm_none": false,
            "vrf_name": "default"
          },
          "sensitive_attributes": [],
          "private": "eyJpbXBvcnRpbmciOiJNQT09In0=",
          "dependencies": [
            "module.SPN201.nxos_pim_instance.ALL-PIM-INST",
            "module.SPN201.nxos_pim_ssm_policy.ALL-PIM-SSM",
            "module.SPN201.nxos_pim_vrf.ALL-PIM-VRF"
          ]
        }
      ]
    },
    {
      "module": "module.SPN201",
      "mode": "managed",
      "type": "nxos_pim_static_rp",
      "name": "ALL-PIM-RP",
      "provider": "provider[\"registry.terraform.io/ciscodevnet/nxos\"].SPN201",
      "instances": [
        {
          "schema_version": 0,
          "attributes": {
            "address": "192.168.238.238",
            "device": null,
            "id": "sys/pim/inst/dom-[default]/staticrp/rp-[192.168.238.238]",
            "vrf_name": "default"
          },
          "sensitive_attributes": [],
          "private": "eyJpbXBvcnRpbmciOiJNQT09In0=",
          "dependencies": [
            "module.SPN201.nxos_pim_instance.ALL-PIM-INST",
            "module.SPN201.nxos_pim_static_rp_policy.ALL-PIM-RPPolicy",
            "module.SPN201.nxos_pim_vrf.ALL-PIM-VRF"
          ]
        }
      ]
    },
    {
      "module": "module.SPN201",
      "mode": "managed",
      "type": "nxos_pim_static_rp_group_list",
      "name": "ALL-PIM-RP-GL",
      "provider": "provider[\"registry.terraform.io/ciscodevnet/nxos\"].SPN201",
      "instances": [
        {
          "schema_version": 0,
          "attributes": {
            "address": "224.0.0.0/4",
            "bidir": false,
            "device": null,
            "id": "sys/pim/inst/dom-[default]/staticrp/rp-[192.168.238.238]/rpgrplist-[224.0.0.0/4]",
            "override": false,
            "rp_address": "192.168.238.238",
            "vrf_name": "default"
          },
          "sensitive_attributes": [],
          "private": "eyJpbXBvcnRpbmciOiJNQT09In0=",
          "dependencies": [
            "module.SPN201.nxos_pim_instance.ALL-PIM-INST",
            "module.SPN201.nxos_pim_static_rp.ALL-PIM-RP",
            "module.SPN201.nxos_pim_static_rp_policy.ALL-PIM-RPPolicy",
            "module.SPN201.nxos_pim_vrf.ALL-PIM-VRF"
          ]
        }
      ]
    },
    {
      "module": "module.SPN201",
      "mode": "managed",
      "type": "nxos_pim_static_rp_policy",
      "name": "ALL-PIM-RPPolicy",
      "provider": "provider[\"registry.terraform.io/ciscodevnet/nxos\"].SPN201",
      "instances": [
        {
          "schema_version": 0,
          "attributes": {
            "device": null,
            "id": "sys/pim/inst/dom-[default]/staticrp",
            "name": "RP",
            "vrf_name": "default"
          },
          "sensitive_attributes": [],
          "private": "eyJpbXBvcnRpbmciOiJNQT09In0=",
          "dependencies": [
            "module.SPN201.nxos_pim_instance.ALL-PIM-INST",
            "module.SPN201.nxos_pim_vrf.ALL-PIM-VRF"
          ]
        }
      ]
    },
    {
      "module": "module.SPN201",
      "mode": "managed",
      "type": "nxos_pim_vrf",
      "name": "ALL-PIM-VRF",
      "provider": "provider[\"registry.terraform.io/ciscodevnet/nxos\"].SPN201",
      "instances": [
        {
          "schema_version": 0,
          "attributes": {
            "admin_state": "enabled",
            "bfd": false,
            "device": null,
            "id": "sys/pim/inst/dom-[default]",
            "name": "default"
          },
          "sensitive_attributes": [],
          "private": "eyJpbXBvcnRpbmciOiJNQT09In0=",
          "dependencies": [
            "module.SPN201.nxos_pim_instance.ALL-PIM-INST"
          ]
        }
      ]
    }
  ],
  "check_results": null
}
